
Microsoft Visual Studio Solution File, Format Version 12.00
# Visual Studio Version 16
VisualStudioVersion = 16.0.30114.105
MinimumVisualStudioVersion = 10.0.40219.1
Project("{2150E333-8FDC-42A3-9474-1A3956D46DE8}") = "build", "build", "{7F4D3EB5-CDB7-431B-B2B1-C61DA97C18C0}"
EndProject
Project("{2150E333-8FDC-42A3-9474-1A3956D46DE8}") = "docker", "docker", "{126BA2F7-0EFD-4259-A1A1-2AAF33C97EC1}"
EndProject
Project("{2150E333-8FDC-42A3-9474-1A3956D46DE8}") = "src", "src", "{61AE3F8D-A4F8-43D1-994C-74CD056E087C}"
EndProject
Project("{2150E333-8FDC-42A3-9474-1A3956D46DE8}") = "test", "test", "{5F799D15-79AE-4E89-8890-ABDC0845DD5D}"
EndProject
Project("{2150E333-8FDC-42A3-9474-1A3956D46DE8}") = "01.IdentityServer", "01.IdentityServer", "{8151F76B-D7FD-4DE6-B643-AA08827E7853}"
EndProject
Project("{2150E333-8FDC-42A3-9474-1A3956D46DE8}") = "Service", "Service", "{E2A271B0-56F9-4D8E-9A48-DD0C4A798EAE}"
EndProject
Project("{2150E333-8FDC-42A3-9474-1A3956D46DE8}") = "02.ProductServer", "02.ProductServer", "{EB3347AE-5DFA-4D4A-BF8A-4D32E75AAF42}"
EndProject
Project("{2150E333-8FDC-42A3-9474-1A3956D46DE8}") = "03.OrderingServer", "03.OrderingServer", "{801A1AD9-9BCC-4AD7-A51F-D411AE15072E}"
EndProject
Project("{2150E333-8FDC-42A3-9474-1A3956D46DE8}") = "04.BasketServer", "04.BasketServer", "{F179EA7C-E442-4EC5-B0C2-EB646C7FB6AB}"
EndProject
Project("{2150E333-8FDC-42A3-9474-1A3956D46DE8}") = "05.PaymentServer", "05.PaymentServer", "{C47D09BD-FF92-46A1-9A0E-B1CD21A4A705}"
EndProject
Project("{2150E333-8FDC-42A3-9474-1A3956D46DE8}") = "06.LogisticsServer", "06.LogisticsServer", "{FA0429F7-1672-417C-AF70-D263151348DD}"
EndProject
Project("{2150E333-8FDC-42A3-9474-1A3956D46DE8}") = "ApiGateways", "ApiGateways", "{6FAFCFFF-4648-403A-9ACD-39E47239B295}"
EndProject
Global
	GlobalSection(SolutionProperties) = preSolution
		HideSolutionNode = FALSE
	EndGlobalSection
	GlobalSection(NestedProjects) = preSolution
		{8151F76B-D7FD-4DE6-B643-AA08827E7853} = {E2A271B0-56F9-4D8E-9A48-DD0C4A798EAE}
		{E2A271B0-56F9-4D8E-9A48-DD0C4A798EAE} = {61AE3F8D-A4F8-43D1-994C-74CD056E087C}
		{EB3347AE-5DFA-4D4A-BF8A-4D32E75AAF42} = {E2A271B0-56F9-4D8E-9A48-DD0C4A798EAE}
		{801A1AD9-9BCC-4AD7-A51F-D411AE15072E} = {E2A271B0-56F9-4D8E-9A48-DD0C4A798EAE}
		{F179EA7C-E442-4EC5-B0C2-EB646C7FB6AB} = {E2A271B0-56F9-4D8E-9A48-DD0C4A798EAE}
		{C47D09BD-FF92-46A1-9A0E-B1CD21A4A705} = {E2A271B0-56F9-4D8E-9A48-DD0C4A798EAE}
		{FA0429F7-1672-417C-AF70-D263151348DD} = {E2A271B0-56F9-4D8E-9A48-DD0C4A798EAE}
		{6FAFCFFF-4648-403A-9ACD-39E47239B295} = {61AE3F8D-A4F8-43D1-994C-74CD056E087C}
	EndGlobalSection
	GlobalSection(ExtensibilityGlobals) = postSolution
		SolutionGuid = {09199F24-D4C3-4EC2-8DA4-B77FD6BF7474}
	EndGlobalSection
EndGlobal
