
Microsoft Visual Studio Solution File, Format Version 12.00
# Visual Studio Version 16
VisualStudioVersion = 16.0.30114.105
MinimumVisualStudioVersion = 10.0.40219.1
Project("{2150E333-8FDC-42A3-9474-1A3956D46DE8}") = "build", "build", "{7F4D3EB5-CDB7-431B-B2B1-C61DA97C18C0}"
EndProject
Project("{2150E333-8FDC-42A3-9474-1A3956D46DE8}") = "docker", "docker", "{126BA2F7-0EFD-4259-A1A1-2AAF33C97EC1}"
EndProject
Project("{2150E333-8FDC-42A3-9474-1A3956D46DE8}") = "src", "src", "{61AE3F8D-A4F8-43D1-994C-74CD056E087C}"
EndProject
Project("{2150E333-8FDC-42A3-9474-1A3956D46DE8}") = "tests", "tests", "{5F799D15-79AE-4E89-8890-ABDC0845DD5D}"
EndProject
Project("{2150E333-8FDC-42A3-9474-1A3956D46DE8}") = "01.IdentityServer", "01.IdentityServer", "{8151F76B-D7FD-4DE6-B643-AA08827E7853}"
EndProject
Project("{2150E333-8FDC-42A3-9474-1A3956D46DE8}") = "Service", "Service", "{E2A271B0-56F9-4D8E-9A48-DD0C4A798EAE}"
EndProject
Project("{2150E333-8FDC-42A3-9474-1A3956D46DE8}") = "02.ProductServer", "02.ProductServer", "{EB3347AE-5DFA-4D4A-BF8A-4D32E75AAF42}"
EndProject
Project("{2150E333-8FDC-42A3-9474-1A3956D46DE8}") = "03.OrderingServer", "03.OrderingServer", "{801A1AD9-9BCC-4AD7-A51F-D411AE15072E}"
EndProject
Project("{2150E333-8FDC-42A3-9474-1A3956D46DE8}") = "04.BasketServer", "04.BasketServer", "{F179EA7C-E442-4EC5-B0C2-EB646C7FB6AB}"
EndProject
Project("{2150E333-8FDC-42A3-9474-1A3956D46DE8}") = "05.PaymentServer", "05.PaymentServer", "{C47D09BD-FF92-46A1-9A0E-B1CD21A4A705}"
EndProject
Project("{2150E333-8FDC-42A3-9474-1A3956D46DE8}") = "06.LogisticsServer", "06.LogisticsServer", "{FA0429F7-1672-417C-AF70-D263151348DD}"
EndProject
Project("{2150E333-8FDC-42A3-9474-1A3956D46DE8}") = "ApiGateways", "ApiGateways", "{6FAFCFFF-4648-403A-9ACD-39E47239B295}"
EndProject
Project("{2150E333-8FDC-42A3-9474-1A3956D46DE8}") = "Core", "Core", "{C4BBD7A7-2ED5-4820-A781-F3D7FC66C146}"
EndProject
Project("{9A19103F-16F7-4668-BE54-9A1E7A4F7556}") = "Imtudou.IdentityServer", "src\Service\01.IdentityServer\Imtudou.IdentityServer\Imtudou.IdentityServer.csproj", "{17E48E07-0C66-4F37-8E46-0A6216376F33}"
EndProject
Project("{9A19103F-16F7-4668-BE54-9A1E7A4F7556}") = "Imtudou.Core.CommonModel", "src\Core\Imtudou.Core.CommonModel\Imtudou.Core.CommonModel.csproj", "{5F938DC7-A3ED-44C6-BF7C-26CFDC1C0B3E}"
EndProject
Project("{9A19103F-16F7-4668-BE54-9A1E7A4F7556}") = "Imtudou.Core.CommonEnum", "src\Core\Imtudou.Core.CommonEnum\Imtudou.Core.CommonEnum.csproj", "{7CAA9DEF-7A66-4C3D-AB21-44BDE5AE871D}"
EndProject
Project("{9A19103F-16F7-4668-BE54-9A1E7A4F7556}") = "Imtudou.Core.Cache", "src\Core\Imtudou.Core.Cache\Imtudou.Core.Cache.csproj", "{F06CFE18-43C4-4DD6-9A2A-66181F9E95E4}"
EndProject
Project("{9A19103F-16F7-4668-BE54-9A1E7A4F7556}") = "Imtudou.Core.Http", "src\Core\Imtudou.Core.Http\Imtudou.Core.Http.csproj", "{01CBF00D-B69A-4F26-8020-871191491845}"
EndProject
Project("{9A19103F-16F7-4668-BE54-9A1E7A4F7556}") = "Imtudou.Core.Data", "src\Core\Imtudou.Core.Data\Imtudou.Core.Data.csproj", "{0D7748A7-23DC-4FAB-88BF-24A257974DA0}"
EndProject
Project("{9A19103F-16F7-4668-BE54-9A1E7A4F7556}") = "Imtudou.Core.Scheduler", "src\Core\Imtudou.Core.Scheduler\Imtudou.Core.Scheduler.csproj", "{D63F7F8C-35A3-41D7-824B-87ADD316C14B}"
EndProject
Project("{9A19103F-16F7-4668-BE54-9A1E7A4F7556}") = "Imtudou.Core.Cache.Test", "tests\Imtudou.Core.Cache.Test\Imtudou.Core.Cache.Test.csproj", "{15F929B0-1E8F-4E34-8527-75520C623590}"
EndProject
Project("{9A19103F-16F7-4668-BE54-9A1E7A4F7556}") = "Imtudou.Core.Extensions", "src\Core\Imtudou.Core.Extensions\Imtudou.Core.Extensions.csproj", "{FEF9A3A6-7919-4A43-BA33-73561C238D07}"
EndProject
Project("{2150E333-8FDC-42A3-9474-1A3956D46DE8}") = "tools", "tools", "{4E1B1576-1B1E-458A-B361-6A184BC24E09}"
EndProject
Project("{FAE04EC0-301F-11D3-BF4B-00C04F79EFBC}") = "GenerateEntityUI.WindowsForm", "tools\WindowsForm\GenerateEntityUI.WindowsForm.csproj", "{07A7D7AC-B6FD-4258-9B10-212368BFFEC5}"
EndProject
Project("{9A19103F-16F7-4668-BE54-9A1E7A4F7556}") = "Imtudou.Core.Logs.Test", "tests\Imtudou.Core.Log.Test\Imtudou.Core.Logs.Test.csproj", "{C132C3C9-6F61-43A9-84F2-B605B2F6BEA9}"
EndProject
Project("{9A19103F-16F7-4668-BE54-9A1E7A4F7556}") = "Imtudou.Core.Logs", "src\Core\Imtudou.Core.Logs\Imtudou.Core.Logs.csproj", "{4A0367FA-461C-4421-B5D3-883866C8B949}"
EndProject
Global
	GlobalSection(SolutionConfigurationPlatforms) = preSolution
		Debug|Any CPU = Debug|Any CPU
		Release|Any CPU = Release|Any CPU
	EndGlobalSection
	GlobalSection(ProjectConfigurationPlatforms) = postSolution
		{17E48E07-0C66-4F37-8E46-0A6216376F33}.Debug|Any CPU.ActiveCfg = Debug|Any CPU
		{17E48E07-0C66-4F37-8E46-0A6216376F33}.Debug|Any CPU.Build.0 = Debug|Any CPU
		{17E48E07-0C66-4F37-8E46-0A6216376F33}.Release|Any CPU.ActiveCfg = Release|Any CPU
		{17E48E07-0C66-4F37-8E46-0A6216376F33}.Release|Any CPU.Build.0 = Release|Any CPU
		{5F938DC7-A3ED-44C6-BF7C-26CFDC1C0B3E}.Debug|Any CPU.ActiveCfg = Debug|Any CPU
		{5F938DC7-A3ED-44C6-BF7C-26CFDC1C0B3E}.Debug|Any CPU.Build.0 = Debug|Any CPU
		{5F938DC7-A3ED-44C6-BF7C-26CFDC1C0B3E}.Release|Any CPU.ActiveCfg = Release|Any CPU
		{5F938DC7-A3ED-44C6-BF7C-26CFDC1C0B3E}.Release|Any CPU.Build.0 = Release|Any CPU
		{7CAA9DEF-7A66-4C3D-AB21-44BDE5AE871D}.Debug|Any CPU.ActiveCfg = Debug|Any CPU
		{7CAA9DEF-7A66-4C3D-AB21-44BDE5AE871D}.Debug|Any CPU.Build.0 = Debug|Any CPU
		{7CAA9DEF-7A66-4C3D-AB21-44BDE5AE871D}.Release|Any CPU.ActiveCfg = Release|Any CPU
		{7CAA9DEF-7A66-4C3D-AB21-44BDE5AE871D}.Release|Any CPU.Build.0 = Release|Any CPU
		{F06CFE18-43C4-4DD6-9A2A-66181F9E95E4}.Debug|Any CPU.ActiveCfg = Debug|Any CPU
		{F06CFE18-43C4-4DD6-9A2A-66181F9E95E4}.Debug|Any CPU.Build.0 = Debug|Any CPU
		{F06CFE18-43C4-4DD6-9A2A-66181F9E95E4}.Release|Any CPU.ActiveCfg = Release|Any CPU
		{F06CFE18-43C4-4DD6-9A2A-66181F9E95E4}.Release|Any CPU.Build.0 = Release|Any CPU
		{01CBF00D-B69A-4F26-8020-871191491845}.Debug|Any CPU.ActiveCfg = Debug|Any CPU
		{01CBF00D-B69A-4F26-8020-871191491845}.Debug|Any CPU.Build.0 = Debug|Any CPU
		{01CBF00D-B69A-4F26-8020-871191491845}.Release|Any CPU.ActiveCfg = Release|Any CPU
		{01CBF00D-B69A-4F26-8020-871191491845}.Release|Any CPU.Build.0 = Release|Any CPU
		{0D7748A7-23DC-4FAB-88BF-24A257974DA0}.Debug|Any CPU.ActiveCfg = Debug|Any CPU
		{0D7748A7-23DC-4FAB-88BF-24A257974DA0}.Debug|Any CPU.Build.0 = Debug|Any CPU
		{0D7748A7-23DC-4FAB-88BF-24A257974DA0}.Release|Any CPU.ActiveCfg = Release|Any CPU
		{0D7748A7-23DC-4FAB-88BF-24A257974DA0}.Release|Any CPU.Build.0 = Release|Any CPU
		{D63F7F8C-35A3-41D7-824B-87ADD316C14B}.Debug|Any CPU.ActiveCfg = Debug|Any CPU
		{D63F7F8C-35A3-41D7-824B-87ADD316C14B}.Debug|Any CPU.Build.0 = Debug|Any CPU
		{D63F7F8C-35A3-41D7-824B-87ADD316C14B}.Release|Any CPU.ActiveCfg = Release|Any CPU
		{D63F7F8C-35A3-41D7-824B-87ADD316C14B}.Release|Any CPU.Build.0 = Release|Any CPU
		{15F929B0-1E8F-4E34-8527-75520C623590}.Debug|Any CPU.ActiveCfg = Debug|Any CPU
		{15F929B0-1E8F-4E34-8527-75520C623590}.Debug|Any CPU.Build.0 = Debug|Any CPU
		{15F929B0-1E8F-4E34-8527-75520C623590}.Release|Any CPU.ActiveCfg = Release|Any CPU
		{15F929B0-1E8F-4E34-8527-75520C623590}.Release|Any CPU.Build.0 = Release|Any CPU
		{FEF9A3A6-7919-4A43-BA33-73561C238D07}.Debug|Any CPU.ActiveCfg = Debug|Any CPU
		{FEF9A3A6-7919-4A43-BA33-73561C238D07}.Debug|Any CPU.Build.0 = Debug|Any CPU
		{FEF9A3A6-7919-4A43-BA33-73561C238D07}.Release|Any CPU.ActiveCfg = Release|Any CPU
		{FEF9A3A6-7919-4A43-BA33-73561C238D07}.Release|Any CPU.Build.0 = Release|Any CPU
		{07A7D7AC-B6FD-4258-9B10-212368BFFEC5}.Debug|Any CPU.ActiveCfg = Debug|Any CPU
		{07A7D7AC-B6FD-4258-9B10-212368BFFEC5}.Debug|Any CPU.Build.0 = Debug|Any CPU
		{07A7D7AC-B6FD-4258-9B10-212368BFFEC5}.Release|Any CPU.ActiveCfg = Release|Any CPU
		{07A7D7AC-B6FD-4258-9B10-212368BFFEC5}.Release|Any CPU.Build.0 = Release|Any CPU
		{C132C3C9-6F61-43A9-84F2-B605B2F6BEA9}.Debug|Any CPU.ActiveCfg = Debug|Any CPU
		{C132C3C9-6F61-43A9-84F2-B605B2F6BEA9}.Debug|Any CPU.Build.0 = Debug|Any CPU
		{C132C3C9-6F61-43A9-84F2-B605B2F6BEA9}.Release|Any CPU.ActiveCfg = Release|Any CPU
		{C132C3C9-6F61-43A9-84F2-B605B2F6BEA9}.Release|Any CPU.Build.0 = Release|Any CPU
		{4A0367FA-461C-4421-B5D3-883866C8B949}.Debug|Any CPU.ActiveCfg = Debug|Any CPU
		{4A0367FA-461C-4421-B5D3-883866C8B949}.Debug|Any CPU.Build.0 = Debug|Any CPU
		{4A0367FA-461C-4421-B5D3-883866C8B949}.Release|Any CPU.ActiveCfg = Release|Any CPU
		{4A0367FA-461C-4421-B5D3-883866C8B949}.Release|Any CPU.Build.0 = Release|Any CPU
	EndGlobalSection
	GlobalSection(SolutionProperties) = preSolution
		HideSolutionNode = FALSE
	EndGlobalSection
	GlobalSection(NestedProjects) = preSolution
		{126BA2F7-0EFD-4259-A1A1-2AAF33C97EC1} = {61AE3F8D-A4F8-43D1-994C-74CD056E087C}
		{8151F76B-D7FD-4DE6-B643-AA08827E7853} = {E2A271B0-56F9-4D8E-9A48-DD0C4A798EAE}
		{E2A271B0-56F9-4D8E-9A48-DD0C4A798EAE} = {61AE3F8D-A4F8-43D1-994C-74CD056E087C}
		{EB3347AE-5DFA-4D4A-BF8A-4D32E75AAF42} = {E2A271B0-56F9-4D8E-9A48-DD0C4A798EAE}
		{801A1AD9-9BCC-4AD7-A51F-D411AE15072E} = {E2A271B0-56F9-4D8E-9A48-DD0C4A798EAE}
		{F179EA7C-E442-4EC5-B0C2-EB646C7FB6AB} = {E2A271B0-56F9-4D8E-9A48-DD0C4A798EAE}
		{C47D09BD-FF92-46A1-9A0E-B1CD21A4A705} = {E2A271B0-56F9-4D8E-9A48-DD0C4A798EAE}
		{FA0429F7-1672-417C-AF70-D263151348DD} = {E2A271B0-56F9-4D8E-9A48-DD0C4A798EAE}
		{6FAFCFFF-4648-403A-9ACD-39E47239B295} = {61AE3F8D-A4F8-43D1-994C-74CD056E087C}
		{C4BBD7A7-2ED5-4820-A781-F3D7FC66C146} = {61AE3F8D-A4F8-43D1-994C-74CD056E087C}
		{17E48E07-0C66-4F37-8E46-0A6216376F33} = {8151F76B-D7FD-4DE6-B643-AA08827E7853}
		{5F938DC7-A3ED-44C6-BF7C-26CFDC1C0B3E} = {C4BBD7A7-2ED5-4820-A781-F3D7FC66C146}
		{7CAA9DEF-7A66-4C3D-AB21-44BDE5AE871D} = {C4BBD7A7-2ED5-4820-A781-F3D7FC66C146}
		{F06CFE18-43C4-4DD6-9A2A-66181F9E95E4} = {C4BBD7A7-2ED5-4820-A781-F3D7FC66C146}
		{01CBF00D-B69A-4F26-8020-871191491845} = {C4BBD7A7-2ED5-4820-A781-F3D7FC66C146}
		{0D7748A7-23DC-4FAB-88BF-24A257974DA0} = {C4BBD7A7-2ED5-4820-A781-F3D7FC66C146}
		{D63F7F8C-35A3-41D7-824B-87ADD316C14B} = {C4BBD7A7-2ED5-4820-A781-F3D7FC66C146}
		{15F929B0-1E8F-4E34-8527-75520C623590} = {5F799D15-79AE-4E89-8890-ABDC0845DD5D}
		{FEF9A3A6-7919-4A43-BA33-73561C238D07} = {C4BBD7A7-2ED5-4820-A781-F3D7FC66C146}
		{07A7D7AC-B6FD-4258-9B10-212368BFFEC5} = {4E1B1576-1B1E-458A-B361-6A184BC24E09}
		{C132C3C9-6F61-43A9-84F2-B605B2F6BEA9} = {5F799D15-79AE-4E89-8890-ABDC0845DD5D}
		{4A0367FA-461C-4421-B5D3-883866C8B949} = {C4BBD7A7-2ED5-4820-A781-F3D7FC66C146}
	EndGlobalSection
	GlobalSection(ExtensibilityGlobals) = postSolution
		SolutionGuid = {09199F24-D4C3-4EC2-8DA4-B77FD6BF7474}
	EndGlobalSection
EndGlobal
