
Microsoft Visual Studio Solution File, Format Version 12.00
# Visual Studio Version 16
VisualStudioVersion = 16.0.30114.105
MinimumVisualStudioVersion = 10.0.40219.1
Project("{2150E333-8FDC-42A3-9474-1A3956D46DE8}") = "build", "build", "{7F4D3EB5-CDB7-431B-B2B1-C61DA97C18C0}"
EndProject
Project("{2150E333-8FDC-42A3-9474-1A3956D46DE8}") = "docker", "docker", "{126BA2F7-0EFD-4259-A1A1-2AAF33C97EC1}"
EndProject
Project("{2150E333-8FDC-42A3-9474-1A3956D46DE8}") = "src", "src", "{61AE3F8D-A4F8-43D1-994C-74CD056E087C}"
EndProject
Project("{2150E333-8FDC-42A3-9474-1A3956D46DE8}") = "tests", "tests", "{5F799D15-79AE-4E89-8890-ABDC0845DD5D}"
EndProject
Project("{2150E333-8FDC-42A3-9474-1A3956D46DE8}") = "01.IdentityServer", "01.IdentityServer", "{8151F76B-D7FD-4DE6-B643-AA08827E7853}"
EndProject
Project("{2150E333-8FDC-42A3-9474-1A3956D46DE8}") = "Service", "Service", "{E2A271B0-56F9-4D8E-9A48-DD0C4A798EAE}"
EndProject
Project("{2150E333-8FDC-42A3-9474-1A3956D46DE8}") = "02.ProductServer", "02.ProductServer", "{EB3347AE-5DFA-4D4A-BF8A-4D32E75AAF42}"
EndProject
Project("{2150E333-8FDC-42A3-9474-1A3956D46DE8}") = "03.OrderingServer", "03.OrderingServer", "{801A1AD9-9BCC-4AD7-A51F-D411AE15072E}"
EndProject
Project("{2150E333-8FDC-42A3-9474-1A3956D46DE8}") = "04.BasketServer", "04.BasketServer", "{F179EA7C-E442-4EC5-B0C2-EB646C7FB6AB}"
EndProject
Project("{2150E333-8FDC-42A3-9474-1A3956D46DE8}") = "05.PaymentServer", "05.PaymentServer", "{C47D09BD-FF92-46A1-9A0E-B1CD21A4A705}"
EndProject
Project("{2150E333-8FDC-42A3-9474-1A3956D46DE8}") = "06.LogisticsServer", "06.LogisticsServer", "{FA0429F7-1672-417C-AF70-D263151348DD}"
EndProject
Project("{2150E333-8FDC-42A3-9474-1A3956D46DE8}") = "ApiGateways", "ApiGateways", "{6FAFCFFF-4648-403A-9ACD-39E47239B295}"
EndProject
Project("{2150E333-8FDC-42A3-9474-1A3956D46DE8}") = "Core", "Core", "{C4BBD7A7-2ED5-4820-A781-F3D7FC66C146}"
EndProject
Project("{9A19103F-16F7-4668-BE54-9A1E7A4F7556}") = "Imtudou.Core.Cache", "src\Core\Imtudou.Core.Cache\Imtudou.Core.Cache.csproj", "{F06CFE18-43C4-4DD6-9A2A-66181F9E95E4}"
EndProject
Project("{9A19103F-16F7-4668-BE54-9A1E7A4F7556}") = "Imtudou.Core.Http", "src\Core\Imtudou.Core.Http\Imtudou.Core.Http.csproj", "{01CBF00D-B69A-4F26-8020-871191491845}"
EndProject
Project("{9A19103F-16F7-4668-BE54-9A1E7A4F7556}") = "Imtudou.Core.Data", "src\Core\Imtudou.Core.Data\Imtudou.Core.Data.csproj", "{0D7748A7-23DC-4FAB-88BF-24A257974DA0}"
EndProject
Project("{9A19103F-16F7-4668-BE54-9A1E7A4F7556}") = "Imtudou.Core.Scheduler", "src\Core\Imtudou.Core.Scheduler\Imtudou.Core.Scheduler.csproj", "{D63F7F8C-35A3-41D7-824B-87ADD316C14B}"
EndProject
Project("{9A19103F-16F7-4668-BE54-9A1E7A4F7556}") = "Imtudou.Core.Cache.Test", "tests\Imtudou.Core.Cache.Test\Imtudou.Core.Cache.Test.csproj", "{15F929B0-1E8F-4E34-8527-75520C623590}"
EndProject
Project("{9A19103F-16F7-4668-BE54-9A1E7A4F7556}") = "Imtudou.Core.Extensions", "src\Core\Imtudou.Core.Extensions\Imtudou.Core.Extensions.csproj", "{FEF9A3A6-7919-4A43-BA33-73561C238D07}"
EndProject
Project("{2150E333-8FDC-42A3-9474-1A3956D46DE8}") = "tools", "tools", "{4E1B1576-1B1E-458A-B361-6A184BC24E09}"
EndProject
Project("{FAE04EC0-301F-11D3-BF4B-00C04F79EFBC}") = "GenerateEntityUI.WindowsForm", "tools\WindowsForm\GenerateEntityUI.WindowsForm.csproj", "{07A7D7AC-B6FD-4258-9B10-212368BFFEC5}"
EndProject
Project("{9A19103F-16F7-4668-BE54-9A1E7A4F7556}") = "Imtudou.Core.Logs.Test", "tests\Imtudou.Core.Log.Test\Imtudou.Core.Logs.Test.csproj", "{C132C3C9-6F61-43A9-84F2-B605B2F6BEA9}"
EndProject
Project("{9A19103F-16F7-4668-BE54-9A1E7A4F7556}") = "Imtudou.Core.Logs", "src\Core\Imtudou.Core.Logs\Imtudou.Core.Logs.csproj", "{4A0367FA-461C-4421-B5D3-883866C8B949}"
EndProject
Project("{9A19103F-16F7-4668-BE54-9A1E7A4F7556}") = "Imtudou.Core", "src\Core\Imtudou.Core\Imtudou.Core.csproj", "{B6DAA056-7658-4ACD-8C0F-A1B924F405AC}"
EndProject
Project("{9A19103F-16F7-4668-BE54-9A1E7A4F7556}") = "Imtudou.Core.Data.Test", "tests\Imtudou.Core.Data.Test\Imtudou.Core.Data.Test.csproj", "{8F063943-F452-44FE-BB48-E4EF636BCE32}"
EndProject
Project("{9A19103F-16F7-4668-BE54-9A1E7A4F7556}") = "Imtudou.Core.Sample.Test", "tests\Imtudou.Core.Sample.Test\Imtudou.Core.Sample.Test.csproj", "{7076B635-B0B3-4EE2-A2CA-1024E1FEE6B0}"
EndProject
Project("{9A19103F-16F7-4668-BE54-9A1E7A4F7556}") = "Imtudou.IdentityServer.Application", "src\Service\01.IdentityServer\Imtudou.IdentityServer.Application\Imtudou.IdentityServer.Application.csproj", "{F22B7EA6-B0AD-4DC9-A870-05C7BC7E9EB2}"
EndProject
Project("{9A19103F-16F7-4668-BE54-9A1E7A4F7556}") = "Imtudou.IdentityServer.Web", "src\Service\01.IdentityServer\Imtudou.IdentityServer.Web\Imtudou.IdentityServer.Web.csproj", "{E2CAC169-BE48-4021-B90F-6CC91DC03AA0}"
EndProject
Project("{9A19103F-16F7-4668-BE54-9A1E7A4F7556}") = "Imtudou.ProductServer.Web", "src\Service\02.ProductServer\Imtudou.ProductServer.Web\Imtudou.ProductServer.Web.csproj", "{78994F3D-51A9-498D-B449-05BC6F7FDE71}"
EndProject
Project("{9A19103F-16F7-4668-BE54-9A1E7A4F7556}") = "Imtudou.IdentityServer.Domin", "src\Service\01.IdentityServer\Imtudou.IdentityServer.Domin\Imtudou.IdentityServer.Domin.csproj", "{8162FC19-80B9-4575-AD00-7BB6580FFDB0}"
EndProject
Project("{9A19103F-16F7-4668-BE54-9A1E7A4F7556}") = "Imtudou.IdentityServer.Infrastructure", "src\Service\01.IdentityServer\Imtudou.IdentityServer.Infrastructure\Imtudou.IdentityServer.Infrastructure.csproj", "{6D134C1D-085F-4937-8E24-4EA539C10317}"
EndProject
Global
	GlobalSection(SolutionConfigurationPlatforms) = preSolution
		Debug|Any CPU = Debug|Any CPU
		Release|Any CPU = Release|Any CPU
	EndGlobalSection
	GlobalSection(ProjectConfigurationPlatforms) = postSolution
		{F06CFE18-43C4-4DD6-9A2A-66181F9E95E4}.Debug|Any CPU.ActiveCfg = Debug|Any CPU
		{F06CFE18-43C4-4DD6-9A2A-66181F9E95E4}.Debug|Any CPU.Build.0 = Debug|Any CPU
		{F06CFE18-43C4-4DD6-9A2A-66181F9E95E4}.Release|Any CPU.ActiveCfg = Release|Any CPU
		{F06CFE18-43C4-4DD6-9A2A-66181F9E95E4}.Release|Any CPU.Build.0 = Release|Any CPU
		{01CBF00D-B69A-4F26-8020-871191491845}.Debug|Any CPU.ActiveCfg = Debug|Any CPU
		{01CBF00D-B69A-4F26-8020-871191491845}.Debug|Any CPU.Build.0 = Debug|Any CPU
		{01CBF00D-B69A-4F26-8020-871191491845}.Release|Any CPU.ActiveCfg = Release|Any CPU
		{01CBF00D-B69A-4F26-8020-871191491845}.Release|Any CPU.Build.0 = Release|Any CPU
		{0D7748A7-23DC-4FAB-88BF-24A257974DA0}.Debug|Any CPU.ActiveCfg = Debug|Any CPU
		{0D7748A7-23DC-4FAB-88BF-24A257974DA0}.Debug|Any CPU.Build.0 = Debug|Any CPU
		{0D7748A7-23DC-4FAB-88BF-24A257974DA0}.Release|Any CPU.ActiveCfg = Release|Any CPU
		{0D7748A7-23DC-4FAB-88BF-24A257974DA0}.Release|Any CPU.Build.0 = Release|Any CPU
		{D63F7F8C-35A3-41D7-824B-87ADD316C14B}.Debug|Any CPU.ActiveCfg = Debug|Any CPU
		{D63F7F8C-35A3-41D7-824B-87ADD316C14B}.Debug|Any CPU.Build.0 = Debug|Any CPU
		{D63F7F8C-35A3-41D7-824B-87ADD316C14B}.Release|Any CPU.ActiveCfg = Release|Any CPU
		{D63F7F8C-35A3-41D7-824B-87ADD316C14B}.Release|Any CPU.Build.0 = Release|Any CPU
		{15F929B0-1E8F-4E34-8527-75520C623590}.Debug|Any CPU.ActiveCfg = Debug|Any CPU
		{15F929B0-1E8F-4E34-8527-75520C623590}.Debug|Any CPU.Build.0 = Debug|Any CPU
		{15F929B0-1E8F-4E34-8527-75520C623590}.Release|Any CPU.ActiveCfg = Release|Any CPU
		{15F929B0-1E8F-4E34-8527-75520C623590}.Release|Any CPU.Build.0 = Release|Any CPU
		{FEF9A3A6-7919-4A43-BA33-73561C238D07}.Debug|Any CPU.ActiveCfg = Debug|Any CPU
		{FEF9A3A6-7919-4A43-BA33-73561C238D07}.Debug|Any CPU.Build.0 = Debug|Any CPU
		{FEF9A3A6-7919-4A43-BA33-73561C238D07}.Release|Any CPU.ActiveCfg = Release|Any CPU
		{FEF9A3A6-7919-4A43-BA33-73561C238D07}.Release|Any CPU.Build.0 = Release|Any CPU
		{07A7D7AC-B6FD-4258-9B10-212368BFFEC5}.Debug|Any CPU.ActiveCfg = Debug|Any CPU
		{07A7D7AC-B6FD-4258-9B10-212368BFFEC5}.Debug|Any CPU.Build.0 = Debug|Any CPU
		{07A7D7AC-B6FD-4258-9B10-212368BFFEC5}.Release|Any CPU.ActiveCfg = Release|Any CPU
		{07A7D7AC-B6FD-4258-9B10-212368BFFEC5}.Release|Any CPU.Build.0 = Release|Any CPU
		{C132C3C9-6F61-43A9-84F2-B605B2F6BEA9}.Debug|Any CPU.ActiveCfg = Debug|Any CPU
		{C132C3C9-6F61-43A9-84F2-B605B2F6BEA9}.Debug|Any CPU.Build.0 = Debug|Any CPU
		{C132C3C9-6F61-43A9-84F2-B605B2F6BEA9}.Release|Any CPU.ActiveCfg = Release|Any CPU
		{C132C3C9-6F61-43A9-84F2-B605B2F6BEA9}.Release|Any CPU.Build.0 = Release|Any CPU
		{4A0367FA-461C-4421-B5D3-883866C8B949}.Debug|Any CPU.ActiveCfg = Debug|Any CPU
		{4A0367FA-461C-4421-B5D3-883866C8B949}.Debug|Any CPU.Build.0 = Debug|Any CPU
		{4A0367FA-461C-4421-B5D3-883866C8B949}.Release|Any CPU.ActiveCfg = Release|Any CPU
		{4A0367FA-461C-4421-B5D3-883866C8B949}.Release|Any CPU.Build.0 = Release|Any CPU
		{B6DAA056-7658-4ACD-8C0F-A1B924F405AC}.Debug|Any CPU.ActiveCfg = Debug|Any CPU
		{B6DAA056-7658-4ACD-8C0F-A1B924F405AC}.Debug|Any CPU.Build.0 = Debug|Any CPU
		{B6DAA056-7658-4ACD-8C0F-A1B924F405AC}.Release|Any CPU.ActiveCfg = Release|Any CPU
		{B6DAA056-7658-4ACD-8C0F-A1B924F405AC}.Release|Any CPU.Build.0 = Release|Any CPU
		{8F063943-F452-44FE-BB48-E4EF636BCE32}.Debug|Any CPU.ActiveCfg = Debug|Any CPU
		{8F063943-F452-44FE-BB48-E4EF636BCE32}.Debug|Any CPU.Build.0 = Debug|Any CPU
		{8F063943-F452-44FE-BB48-E4EF636BCE32}.Release|Any CPU.ActiveCfg = Release|Any CPU
		{8F063943-F452-44FE-BB48-E4EF636BCE32}.Release|Any CPU.Build.0 = Release|Any CPU
		{7076B635-B0B3-4EE2-A2CA-1024E1FEE6B0}.Debug|Any CPU.ActiveCfg = Debug|Any CPU
		{7076B635-B0B3-4EE2-A2CA-1024E1FEE6B0}.Debug|Any CPU.Build.0 = Debug|Any CPU
		{7076B635-B0B3-4EE2-A2CA-1024E1FEE6B0}.Release|Any CPU.ActiveCfg = Release|Any CPU
		{7076B635-B0B3-4EE2-A2CA-1024E1FEE6B0}.Release|Any CPU.Build.0 = Release|Any CPU
		{F22B7EA6-B0AD-4DC9-A870-05C7BC7E9EB2}.Debug|Any CPU.ActiveCfg = Debug|Any CPU
		{F22B7EA6-B0AD-4DC9-A870-05C7BC7E9EB2}.Debug|Any CPU.Build.0 = Debug|Any CPU
		{F22B7EA6-B0AD-4DC9-A870-05C7BC7E9EB2}.Release|Any CPU.ActiveCfg = Release|Any CPU
		{F22B7EA6-B0AD-4DC9-A870-05C7BC7E9EB2}.Release|Any CPU.Build.0 = Release|Any CPU
		{E2CAC169-BE48-4021-B90F-6CC91DC03AA0}.Debug|Any CPU.ActiveCfg = Debug|Any CPU
		{E2CAC169-BE48-4021-B90F-6CC91DC03AA0}.Debug|Any CPU.Build.0 = Debug|Any CPU
		{E2CAC169-BE48-4021-B90F-6CC91DC03AA0}.Release|Any CPU.ActiveCfg = Release|Any CPU
		{E2CAC169-BE48-4021-B90F-6CC91DC03AA0}.Release|Any CPU.Build.0 = Release|Any CPU
		{78994F3D-51A9-498D-B449-05BC6F7FDE71}.Debug|Any CPU.ActiveCfg = Debug|Any CPU
		{78994F3D-51A9-498D-B449-05BC6F7FDE71}.Debug|Any CPU.Build.0 = Debug|Any CPU
		{78994F3D-51A9-498D-B449-05BC6F7FDE71}.Release|Any CPU.ActiveCfg = Release|Any CPU
		{78994F3D-51A9-498D-B449-05BC6F7FDE71}.Release|Any CPU.Build.0 = Release|Any CPU
		{8162FC19-80B9-4575-AD00-7BB6580FFDB0}.Debug|Any CPU.ActiveCfg = Debug|Any CPU
		{8162FC19-80B9-4575-AD00-7BB6580FFDB0}.Debug|Any CPU.Build.0 = Debug|Any CPU
		{8162FC19-80B9-4575-AD00-7BB6580FFDB0}.Release|Any CPU.ActiveCfg = Release|Any CPU
		{8162FC19-80B9-4575-AD00-7BB6580FFDB0}.Release|Any CPU.Build.0 = Release|Any CPU
		{6D134C1D-085F-4937-8E24-4EA539C10317}.Debug|Any CPU.ActiveCfg = Debug|Any CPU
		{6D134C1D-085F-4937-8E24-4EA539C10317}.Debug|Any CPU.Build.0 = Debug|Any CPU
		{6D134C1D-085F-4937-8E24-4EA539C10317}.Release|Any CPU.ActiveCfg = Release|Any CPU
		{6D134C1D-085F-4937-8E24-4EA539C10317}.Release|Any CPU.Build.0 = Release|Any CPU
	EndGlobalSection
	GlobalSection(SolutionProperties) = preSolution
		HideSolutionNode = FALSE
	EndGlobalSection
	GlobalSection(NestedProjects) = preSolution
		{126BA2F7-0EFD-4259-A1A1-2AAF33C97EC1} = {61AE3F8D-A4F8-43D1-994C-74CD056E087C}
		{8151F76B-D7FD-4DE6-B643-AA08827E7853} = {E2A271B0-56F9-4D8E-9A48-DD0C4A798EAE}
		{E2A271B0-56F9-4D8E-9A48-DD0C4A798EAE} = {61AE3F8D-A4F8-43D1-994C-74CD056E087C}
		{EB3347AE-5DFA-4D4A-BF8A-4D32E75AAF42} = {E2A271B0-56F9-4D8E-9A48-DD0C4A798EAE}
		{801A1AD9-9BCC-4AD7-A51F-D411AE15072E} = {E2A271B0-56F9-4D8E-9A48-DD0C4A798EAE}
		{F179EA7C-E442-4EC5-B0C2-EB646C7FB6AB} = {E2A271B0-56F9-4D8E-9A48-DD0C4A798EAE}
		{C47D09BD-FF92-46A1-9A0E-B1CD21A4A705} = {E2A271B0-56F9-4D8E-9A48-DD0C4A798EAE}
		{FA0429F7-1672-417C-AF70-D263151348DD} = {E2A271B0-56F9-4D8E-9A48-DD0C4A798EAE}
		{6FAFCFFF-4648-403A-9ACD-39E47239B295} = {61AE3F8D-A4F8-43D1-994C-74CD056E087C}
		{C4BBD7A7-2ED5-4820-A781-F3D7FC66C146} = {61AE3F8D-A4F8-43D1-994C-74CD056E087C}
		{F06CFE18-43C4-4DD6-9A2A-66181F9E95E4} = {C4BBD7A7-2ED5-4820-A781-F3D7FC66C146}
		{01CBF00D-B69A-4F26-8020-871191491845} = {C4BBD7A7-2ED5-4820-A781-F3D7FC66C146}
		{0D7748A7-23DC-4FAB-88BF-24A257974DA0} = {C4BBD7A7-2ED5-4820-A781-F3D7FC66C146}
		{D63F7F8C-35A3-41D7-824B-87ADD316C14B} = {C4BBD7A7-2ED5-4820-A781-F3D7FC66C146}
		{15F929B0-1E8F-4E34-8527-75520C623590} = {5F799D15-79AE-4E89-8890-ABDC0845DD5D}
		{FEF9A3A6-7919-4A43-BA33-73561C238D07} = {C4BBD7A7-2ED5-4820-A781-F3D7FC66C146}
		{07A7D7AC-B6FD-4258-9B10-212368BFFEC5} = {4E1B1576-1B1E-458A-B361-6A184BC24E09}
		{C132C3C9-6F61-43A9-84F2-B605B2F6BEA9} = {5F799D15-79AE-4E89-8890-ABDC0845DD5D}
		{4A0367FA-461C-4421-B5D3-883866C8B949} = {C4BBD7A7-2ED5-4820-A781-F3D7FC66C146}
		{B6DAA056-7658-4ACD-8C0F-A1B924F405AC} = {C4BBD7A7-2ED5-4820-A781-F3D7FC66C146}
		{8F063943-F452-44FE-BB48-E4EF636BCE32} = {5F799D15-79AE-4E89-8890-ABDC0845DD5D}
		{7076B635-B0B3-4EE2-A2CA-1024E1FEE6B0} = {5F799D15-79AE-4E89-8890-ABDC0845DD5D}
		{F22B7EA6-B0AD-4DC9-A870-05C7BC7E9EB2} = {8151F76B-D7FD-4DE6-B643-AA08827E7853}
		{E2CAC169-BE48-4021-B90F-6CC91DC03AA0} = {8151F76B-D7FD-4DE6-B643-AA08827E7853}
		{78994F3D-51A9-498D-B449-05BC6F7FDE71} = {EB3347AE-5DFA-4D4A-BF8A-4D32E75AAF42}
		{8162FC19-80B9-4575-AD00-7BB6580FFDB0} = {8151F76B-D7FD-4DE6-B643-AA08827E7853}
		{6D134C1D-085F-4937-8E24-4EA539C10317} = {8151F76B-D7FD-4DE6-B643-AA08827E7853}
	EndGlobalSection
	GlobalSection(ExtensibilityGlobals) = postSolution
		SolutionGuid = {09199F24-D4C3-4EC2-8DA4-B77FD6BF7474}
	EndGlobalSection
EndGlobal
