
Microsoft Visual Studio Solution File, Format Version 12.00
# Visual Studio Version 17
VisualStudioVersion = 17.3.32811.315
MinimumVisualStudioVersion = 10.0.40219.1
Project("{2150E333-8FDC-42A3-9474-1A3956D46DE8}") = "build", "build", "{7F4D3EB5-CDB7-431B-B2B1-C61DA97C18C0}"
EndProject
Project("{2150E333-8FDC-42A3-9474-1A3956D46DE8}") = "src", "src", "{61AE3F8D-A4F8-43D1-994C-74CD056E087C}"
EndProject
Project("{2150E333-8FDC-42A3-9474-1A3956D46DE8}") = "tests", "tests", "{5F799D15-79AE-4E89-8890-ABDC0845DD5D}"
EndProject
Project("{2150E333-8FDC-42A3-9474-1A3956D46DE8}") = "01.IdentityServer", "01.IdentityServer", "{8151F76B-D7FD-4DE6-B643-AA08827E7853}"
EndProject
Project("{2150E333-8FDC-42A3-9474-1A3956D46DE8}") = "Service", "Service", "{E2A271B0-56F9-4D8E-9A48-DD0C4A798EAE}"
EndProject
Project("{2150E333-8FDC-42A3-9474-1A3956D46DE8}") = "02.ProductServer", "02.ProductServer", "{EB3347AE-5DFA-4D4A-BF8A-4D32E75AAF42}"
EndProject
Project("{2150E333-8FDC-42A3-9474-1A3956D46DE8}") = "03.OrderingServer", "03.OrderingServer", "{801A1AD9-9BCC-4AD7-A51F-D411AE15072E}"
EndProject
Project("{2150E333-8FDC-42A3-9474-1A3956D46DE8}") = "04.BasketServer", "04.BasketServer", "{F179EA7C-E442-4EC5-B0C2-EB646C7FB6AB}"
EndProject
Project("{2150E333-8FDC-42A3-9474-1A3956D46DE8}") = "05.PaymentServer", "05.PaymentServer", "{C47D09BD-FF92-46A1-9A0E-B1CD21A4A705}"
EndProject
Project("{2150E333-8FDC-42A3-9474-1A3956D46DE8}") = "06.LogisticsServer", "06.LogisticsServer", "{FA0429F7-1672-417C-AF70-D263151348DD}"
EndProject
Project("{2150E333-8FDC-42A3-9474-1A3956D46DE8}") = "Gateways", "Gateways", "{6FAFCFFF-4648-403A-9ACD-39E47239B295}"
EndProject
Project("{2150E333-8FDC-42A3-9474-1A3956D46DE8}") = "Core", "Core", "{C4BBD7A7-2ED5-4820-A781-F3D7FC66C146}"
EndProject
Project("{9A19103F-16F7-4668-BE54-9A1E7A4F7556}") = "Imtudou.Core.Cache", "src\Core\Imtudou.Core.Cache\Imtudou.Core.Cache.csproj", "{F06CFE18-43C4-4DD6-9A2A-66181F9E95E4}"
EndProject
Project("{9A19103F-16F7-4668-BE54-9A1E7A4F7556}") = "Imtudou.Core.Http", "src\Core\Imtudou.Core.Http\Imtudou.Core.Http.csproj", "{01CBF00D-B69A-4F26-8020-871191491845}"
EndProject
Project("{9A19103F-16F7-4668-BE54-9A1E7A4F7556}") = "Imtudou.Core.Data", "src\Core\Imtudou.Core.Data\Imtudou.Core.Data.csproj", "{0D7748A7-23DC-4FAB-88BF-24A257974DA0}"
EndProject
Project("{9A19103F-16F7-4668-BE54-9A1E7A4F7556}") = "Imtudou.Core.Scheduler", "src\Core\Imtudou.Core.Scheduler\Imtudou.Core.Scheduler.csproj", "{D63F7F8C-35A3-41D7-824B-87ADD316C14B}"
EndProject
Project("{9A19103F-16F7-4668-BE54-9A1E7A4F7556}") = "Imtudou.Core.Cache.Test", "tests\Imtudou.Core.Cache.Test\Imtudou.Core.Cache.Test.csproj", "{15F929B0-1E8F-4E34-8527-75520C623590}"
EndProject
Project("{9A19103F-16F7-4668-BE54-9A1E7A4F7556}") = "Imtudou.Core.Extensions", "src\Core\Imtudou.Core.Extensions\Imtudou.Core.Extensions.csproj", "{FEF9A3A6-7919-4A43-BA33-73561C238D07}"
EndProject
Project("{2150E333-8FDC-42A3-9474-1A3956D46DE8}") = "tools", "tools", "{4E1B1576-1B1E-458A-B361-6A184BC24E09}"
EndProject
Project("{FAE04EC0-301F-11D3-BF4B-00C04F79EFBC}") = "GenerateEntityUI.WindowsForm", "tools\WindowsForm\GenerateEntityUI.WindowsForm.csproj", "{07A7D7AC-B6FD-4258-9B10-212368BFFEC5}"
EndProject
Project("{9A19103F-16F7-4668-BE54-9A1E7A4F7556}") = "Imtudou.Core.Logs.Test", "tests\Imtudou.Core.Log.Test\Imtudou.Core.Logs.Test.csproj", "{C132C3C9-6F61-43A9-84F2-B605B2F6BEA9}"
EndProject
Project("{9A19103F-16F7-4668-BE54-9A1E7A4F7556}") = "Imtudou.Core.Logs", "src\Core\Imtudou.Core.Logs\Imtudou.Core.Logs.csproj", "{4A0367FA-461C-4421-B5D3-883866C8B949}"
EndProject
Project("{9A19103F-16F7-4668-BE54-9A1E7A4F7556}") = "Imtudou.Core", "src\Core\Imtudou.Core\Imtudou.Core.csproj", "{B6DAA056-7658-4ACD-8C0F-A1B924F405AC}"
EndProject
Project("{9A19103F-16F7-4668-BE54-9A1E7A4F7556}") = "Imtudou.Core.Data.Test", "tests\Imtudou.Core.Data.Test\Imtudou.Core.Data.Test.csproj", "{8F063943-F452-44FE-BB48-E4EF636BCE32}"
EndProject
Project("{9A19103F-16F7-4668-BE54-9A1E7A4F7556}") = "Imtudou.Core.Sample.Test", "tests\Imtudou.Core.Sample.Test\Imtudou.Core.Sample.Test.csproj", "{7076B635-B0B3-4EE2-A2CA-1024E1FEE6B0}"
EndProject
Project("{9A19103F-16F7-4668-BE54-9A1E7A4F7556}") = "Imtudou.IdentityServer.Application", "src\Service\01.IdentityServer\Imtudou.IdentityServer.Application\Imtudou.IdentityServer.Application.csproj", "{F22B7EA6-B0AD-4DC9-A870-05C7BC7E9EB2}"
EndProject
Project("{9A19103F-16F7-4668-BE54-9A1E7A4F7556}") = "Imtudou.IdentityServer.Domin", "src\Service\01.IdentityServer\Imtudou.IdentityServer.Domin\Imtudou.IdentityServer.Domin.csproj", "{8162FC19-80B9-4575-AD00-7BB6580FFDB0}"
EndProject
Project("{9A19103F-16F7-4668-BE54-9A1E7A4F7556}") = "Imtudou.IdentityServer.Infrastructure", "src\Service\01.IdentityServer\Imtudou.IdentityServer.Infrastructure\Imtudou.IdentityServer.Infrastructure.csproj", "{6D134C1D-085F-4937-8E24-4EA539C10317}"
EndProject
Project("{9A19103F-16F7-4668-BE54-9A1E7A4F7556}") = "Imtudou.IdentityServer.WebAPI", "src\Service\01.IdentityServer\Imtudou.IdentityServer.WebAPI\Imtudou.IdentityServer.WebAPI.csproj", "{A151EBD7-CA16-40B8-A334-DB7F30191FFB}"
EndProject
Project("{2150E333-8FDC-42A3-9474-1A3956D46DE8}") = "samples", "samples", "{811B6ECB-13EA-454C-B98D-5355B5369293}"
EndProject
Project("{2150E333-8FDC-42A3-9474-1A3956D46DE8}") = "IdentityServer.sample", "IdentityServer.sample", "{F3A7C4BD-677F-4A4C-938F-D03DD2AA9BF2}"
EndProject
Project("{2150E333-8FDC-42A3-9474-1A3956D46DE8}") = "1.IdentityServer.ClientCredentials", "1.IdentityServer.ClientCredentials", "{DE47D90B-473B-4A85-9203-4873CBCE76F9}"
EndProject
Project("{2150E333-8FDC-42A3-9474-1A3956D46DE8}") = "2.IdentityServer.ResourceOwnerPassword", "2.IdentityServer.ResourceOwnerPassword", "{7F69494A-81D9-42F3-B41B-0ADB1AC41CC8}"
EndProject
Project("{2150E333-8FDC-42A3-9474-1A3956D46DE8}") = "3.IdentityServer.Implicit", "3.IdentityServer.Implicit", "{9EDD9124-ECFC-4BEE-87B4-F6AB4BD1048F}"
EndProject
Project("{9A19103F-16F7-4668-BE54-9A1E7A4F7556}") = "API", "samples\IdentityServer.sample\1.IdentityServer.ClientCredentials\API\API.csproj", "{8B5B2F56-F43F-4D0D-AC4A-DF87DDFCC660}"
EndProject
Project("{9A19103F-16F7-4668-BE54-9A1E7A4F7556}") = "Client", "samples\IdentityServer.sample\1.IdentityServer.ClientCredentials\Client\Client.csproj", "{0A8F5302-EAA9-4269-8B38-9E416E2ED1A9}"
EndProject
Project("{9A19103F-16F7-4668-BE54-9A1E7A4F7556}") = "IdentityServer", "samples\IdentityServer.sample\1.IdentityServer.ClientCredentials\IdentityServer\IdentityServer.csproj", "{FB5EEDB9-3968-4FD0-BF80-5145E956C2AE}"
EndProject
Project("{9A19103F-16F7-4668-BE54-9A1E7A4F7556}") = "API", "samples\IdentityServer.sample\2.IdentityServer.ResourceOwnerPassword\API\API.csproj", "{C5EB6368-FB37-421E-9E5B-9ACB1DFC26AB}"
EndProject
Project("{9A19103F-16F7-4668-BE54-9A1E7A4F7556}") = "Client", "samples\IdentityServer.sample\2.IdentityServer.ResourceOwnerPassword\Client\Client.csproj", "{DFB2C532-8BBE-4D92-A78A-1FD837672B45}"
EndProject
Project("{9A19103F-16F7-4668-BE54-9A1E7A4F7556}") = "IdentityServer", "samples\IdentityServer.sample\2.IdentityServer.ResourceOwnerPassword\IdentityServer\IdentityServer.csproj", "{DD40A86E-748F-48FD-9EC1-31A141CF14A7}"
EndProject
Project("{9A19103F-16F7-4668-BE54-9A1E7A4F7556}") = "MvcClient", "samples\IdentityServer.sample\3.IdentityServer.Implicit\MvcClient\MvcClient.csproj", "{D01EFB41-FDB3-4775-AD03-DBAA31F37BE5}"
EndProject
Project("{9A19103F-16F7-4668-BE54-9A1E7A4F7556}") = "IdentityServer", "samples\IdentityServer.sample\3.IdentityServer.Implicit\IdentityServer\IdentityServer.csproj", "{88AF1CD6-76E6-466D-9D8B-12891CDA7EA4}"
EndProject
Project("{2150E333-8FDC-42A3-9474-1A3956D46DE8}") = "4.IdentityServer.AuthorizationCode", "4.IdentityServer.AuthorizationCode", "{FB97DAF2-2A76-447A-A162-A2303935870A}"
EndProject
Project("{9A19103F-16F7-4668-BE54-9A1E7A4F7556}") = "JavaScriptClient", "samples\IdentityServer.sample\4.IdentityServer.AuthorizationCode\JavaScriptClient\JavaScriptClient.csproj", "{5C265903-BE8B-4C5B-BAAB-101891974B66}"
EndProject
Project("{9A19103F-16F7-4668-BE54-9A1E7A4F7556}") = "API", "samples\IdentityServer.sample\4.IdentityServer.AuthorizationCode\API\API.csproj", "{4D0AB5D1-961D-4650-8D78-255A58D49F64}"
EndProject
Project("{9A19103F-16F7-4668-BE54-9A1E7A4F7556}") = "IdentityServer", "samples\IdentityServer.sample\4.IdentityServer.AuthorizationCode\IdentityServer\IdentityServer.csproj", "{E96213AE-7A70-410F-BECC-B22524488BCB}"
EndProject
Project("{9A19103F-16F7-4668-BE54-9A1E7A4F7556}") = "Imtudou.ProductServer.WebAPI", "src\Service\02.ProductServer\Imtudou.ProductServer.WebAPI\Imtudou.ProductServer.WebAPI.csproj", "{D1F731E3-E119-4B2E-9360-BAB8F9DCC2DE}"
EndProject
Project("{2150E333-8FDC-42A3-9474-1A3956D46DE8}") = "ProjectTempleate", "ProjectTempleate", "{EA600730-C983-4304-A3FD-F66C2A7B61FE}"
EndProject
Project("{9A19103F-16F7-4668-BE54-9A1E7A4F7556}") = "Imtudou.Core.DependencyInjection", "src\Core\Imtudou.Core.DependencyInjection\Imtudou.Core.DependencyInjection.csproj", "{454F6606-B700-47B8-9979-8344500F8AD1}"
EndProject
Project("{2150E333-8FDC-42A3-9474-1A3956D46DE8}") = "rabbitmq", "rabbitmq", "{E454D2C9-4C4B-4286-81C5-F01E194EFCC4}"
EndProject
Project("{2150E333-8FDC-42A3-9474-1A3956D46DE8}") = "1.helloword", "1.helloword", "{485658B4-AF03-4D39-BB1A-CAB2ADE03080}"
EndProject
Project("{9A19103F-16F7-4668-BE54-9A1E7A4F7556}") = "01.Rabbitmq.Consumer", "samples\rabbitmq\1.helloword\01.Rabbitmq.Consumer\01.Rabbitmq.Consumer.csproj", "{16844F96-DED3-4CDA-B263-CB19FF97E634}"
EndProject
Project("{9A19103F-16F7-4668-BE54-9A1E7A4F7556}") = "01.Rabbitmq.Producer", "samples\rabbitmq\1.helloword\01.Rabbitmq.Producer\01.Rabbitmq.Producer.csproj", "{ABF9C603-863D-4D71-BC8B-52D2A62D71EC}"
EndProject
Project("{2150E333-8FDC-42A3-9474-1A3956D46DE8}") = "common", "common", "{F67332A0-5731-403E-9FE2-4F8656DEDE6B}"
EndProject
Project("{9A19103F-16F7-4668-BE54-9A1E7A4F7556}") = "rabbitmq.common", "samples\rabbitmq\common\rabbitmq.common\rabbitmq.common.csproj", "{E945E2F8-C2A3-4BAB-AF98-1C812A7984F9}"
EndProject
Project("{2150E333-8FDC-42A3-9474-1A3956D46DE8}") = "2.workqueue", "2.workqueue", "{E458C5BC-3869-4070-B272-A29ECCB598E6}"
EndProject
Project("{9A19103F-16F7-4668-BE54-9A1E7A4F7556}") = "02.WorkQueue.Consumer", "samples\rabbitmq\2.workqueue\02.WorkQueue.Consumer\02.WorkQueue.Consumer.csproj", "{EB6F1542-6E47-4B3D-A7C5-DF5041AADFAC}"
EndProject
Project("{9A19103F-16F7-4668-BE54-9A1E7A4F7556}") = "02.WorkQueue.Producer", "samples\rabbitmq\2.workqueue\02.WorkQueue.Producer\02.WorkQueue.Producer.csproj", "{A854C94F-E2F0-4BD4-BB36-177043D0138C}"
EndProject
Project("{2150E333-8FDC-42A3-9474-1A3956D46DE8}") = "3.ackqueue", "3.ackqueue", "{5D3B32F9-CAD0-4A79-BC57-8B7AFD2D2FA7}"
EndProject
Project("{9A19103F-16F7-4668-BE54-9A1E7A4F7556}") = "AckQueue.Producer", "samples\rabbitmq\3.ackqueue\AckQueue.Producer\AckQueue.Producer.csproj", "{78F79E68-5C99-4036-99C1-5798B1B46AFC}"
EndProject
Project("{9A19103F-16F7-4668-BE54-9A1E7A4F7556}") = "AckQueue.Consumer1", "samples\rabbitmq\3.ackqueue\AckQueue.Consumer1\AckQueue.Consumer1.csproj", "{8CA70F2F-EEEC-4B49-ACB7-61D67CC7ACE2}"
EndProject
Project("{9A19103F-16F7-4668-BE54-9A1E7A4F7556}") = "AckQueue.Consumer2", "samples\rabbitmq\3.ackqueue\AckQueue.Consumer2\AckQueue.Consumer2.csproj", "{32D7A5FE-CE7B-47E9-8798-42B60932CDA6}"
EndProject
Project("{2150E333-8FDC-42A3-9474-1A3956D46DE8}") = "4.publishconfirm", "4.publishconfirm", "{D67F9AA4-4C76-4A37-B482-A56F78AC93A9}"
EndProject
Project("{9A19103F-16F7-4668-BE54-9A1E7A4F7556}") = "PublishConfirm.Producer", "samples\rabbitmq\4.publishconfirm\PublishConfirm.Producer\PublishConfirm.Producer.csproj", "{0F8CB758-CD19-4D35-B5BF-249CAE528CE5}"
EndProject
Project("{2150E333-8FDC-42A3-9474-1A3956D46DE8}") = "5.exchange", "5.exchange", "{94664C61-8882-49C4-AA23-406359AAB0B0}"
EndProject
Project("{9A19103F-16F7-4668-BE54-9A1E7A4F7556}") = "Exchange.Producer", "samples\rabbitmq\5.exchange\Exchange.Producer\Exchange.Producer.csproj", "{961C91B2-6FB8-4044-9A74-DB1E688324F3}"
EndProject
Project("{9A19103F-16F7-4668-BE54-9A1E7A4F7556}") = "Exchange.Consumer", "samples\rabbitmq\5.exchange\Exchange.Consumer\Exchange.Consumer.csproj", "{203C1FF4-4537-49AB-9791-D9095FD94E97}"
EndProject
Project("{2150E333-8FDC-42A3-9474-1A3956D46DE8}") = "6.dead_exchange", "6.dead_exchange", "{08A415FB-AB0A-4BF8-BDE7-F00208A1F667}"
EndProject
Project("{9A19103F-16F7-4668-BE54-9A1E7A4F7556}") = "Exchange.Producer", "samples\rabbitmq\6.dead_exchange\Exchange.Producer\Exchange.Producer.csproj", "{DEB46ECF-419E-4C81-A2BB-DB59E6A5B552}"
EndProject
Project("{9A19103F-16F7-4668-BE54-9A1E7A4F7556}") = "Exchange.Consumer1", "samples\rabbitmq\6.dead_exchange\Exchange.Consumer1\Exchange.Consumer1.csproj", "{F77850C3-B844-4EB8-A741-5457EE039514}"
EndProject
Project("{9A19103F-16F7-4668-BE54-9A1E7A4F7556}") = "Exchange.Consumer2", "samples\rabbitmq\6.dead_exchange\Exchange.Consumer2\Exchange.Consumer2.csproj", "{D61B0C23-2F10-4654-952B-1928370B84C1}"
EndProject
Project("{2150E333-8FDC-42A3-9474-1A3956D46DE8}") = "7.ttl_exchange", "7.ttl_exchange", "{D12893D7-5D81-4894-811A-42CC6AD27A67}"
EndProject
Project("{9A19103F-16F7-4668-BE54-9A1E7A4F7556}") = "TTLExchange", "samples\rabbitmq\7.ttl_exchange\TTLExchange\TTLExchange.csproj", "{7736CF20-0EFE-4D12-9922-1813B28AB352}"
EndProject
Project("{9A19103F-16F7-4668-BE54-9A1E7A4F7556}") = "TTLExchange.Consumer", "samples\rabbitmq\7.ttl_exchange\TTLExchange.Consumer\TTLExchange.Consumer.csproj", "{C1861B23-6EE6-4C0D-AE5A-13069F97AFAB}"
EndProject
Project("{9A19103F-16F7-4668-BE54-9A1E7A4F7556}") = "TTLExchange.Producer", "samples\rabbitmq\7.ttl_exchange\TTLExchange.Producer\TTLExchange.Producer.csproj", "{8CEF3F2C-D353-4A3C-A9A1-A369448709E7}"
EndProject
Project("{2150E333-8FDC-42A3-9474-1A3956D46DE8}") = "8.publishconfirmadvanced", "8.publishconfirmadvanced", "{7F230FF7-5AE6-4AA5-9E88-FF02E7763ECB}"
EndProject
Project("{9A19103F-16F7-4668-BE54-9A1E7A4F7556}") = "PublishConfirmAdvanced", "samples\rabbitmq\8.publishconfirmadvanced\PublishConfirmAdvanced\PublishConfirmAdvanced.csproj", "{ED42C913-B0E0-436C-9757-427E1C1F5435}"
EndProject
Project("{9A19103F-16F7-4668-BE54-9A1E7A4F7556}") = "PublishConfirm.Producer", "samples\rabbitmq\8.publishconfirmadvanced\PublishConfirm.Producer\PublishConfirm.Producer.csproj", "{223164F7-B789-4FAB-BFE6-380DFBF2936E}"
EndProject
Project("{9A19103F-16F7-4668-BE54-9A1E7A4F7556}") = "PublishConfirm.Consumer", "samples\rabbitmq\8.publishconfirmadvanced\PublishConfirm.Consumer\PublishConfirm.Consumer.csproj", "{E2F4C232-80DE-49BC-959F-D9162904E92B}"
EndProject
Project("{2150E333-8FDC-42A3-9474-1A3956D46DE8}") = "数据结构和算法", "数据结构和算法", "{6383B947-F177-4151-98C0-D5A81C4962B1}"
EndProject
Project("{9A19103F-16F7-4668-BE54-9A1E7A4F7556}") = "Imtudou.OrderServer.WebAPI", "src\Service\03.OrderServer\Imtudou.OrderServer.WebAPI\Imtudou.OrderServer.WebAPI.csproj", "{26122610-C123-42FF-BFFB-3092360E9B70}"
EndProject
Project("{9A19103F-16F7-4668-BE54-9A1E7A4F7556}") = "ConsoleApp1", "samples\ConsoleApp1\ConsoleApp1.csproj", "{1AE7332E-D36E-4552-AD4D-D0C5E1C06FBB}"
EndProject
Project("{2150E333-8FDC-42A3-9474-1A3956D46DE8}") = "lucene.net", "lucene.net", "{27E2A58C-587B-4001-AFC1-3E7783139093}"
	ProjectSection(SolutionItems) = preProject
		tests\Imtudou.Core.Data.Test\appsettings.json = tests\Imtudou.Core.Data.Test\appsettings.json
	EndProjectSection
EndProject
Project("{9A19103F-16F7-4668-BE54-9A1E7A4F7556}") = "LuceneDemo", "samples\lucene.net\LuceneDemo\LuceneDemo.csproj", "{13C3D1C5-362D-4608-9044-B8FBD07E1BA4}"
EndProject
Project("{2150E333-8FDC-42A3-9474-1A3956D46DE8}") = "heima", "heima", "{C74B6FC7-5D52-4F28-9854-1CD6DF4EE513}"
EndProject
Project("{9A19103F-16F7-4668-BE54-9A1E7A4F7556}") = "heimawebapi", "samples\heima\heimawebapi\heimawebapi.csproj", "{AB442BBC-4BBE-4CF3-B171-6B41A251D951}"
EndProject
Global
	GlobalSection(SolutionConfigurationPlatforms) = preSolution
		Debug|Any CPU = Debug|Any CPU
		Release|Any CPU = Release|Any CPU
	EndGlobalSection
	GlobalSection(ProjectConfigurationPlatforms) = postSolution
		{F06CFE18-43C4-4DD6-9A2A-66181F9E95E4}.Debug|Any CPU.ActiveCfg = Debug|Any CPU
		{F06CFE18-43C4-4DD6-9A2A-66181F9E95E4}.Debug|Any CPU.Build.0 = Debug|Any CPU
		{F06CFE18-43C4-4DD6-9A2A-66181F9E95E4}.Release|Any CPU.ActiveCfg = Release|Any CPU
		{F06CFE18-43C4-4DD6-9A2A-66181F9E95E4}.Release|Any CPU.Build.0 = Release|Any CPU
		{01CBF00D-B69A-4F26-8020-871191491845}.Debug|Any CPU.ActiveCfg = Debug|Any CPU
		{01CBF00D-B69A-4F26-8020-871191491845}.Debug|Any CPU.Build.0 = Debug|Any CPU
		{01CBF00D-B69A-4F26-8020-871191491845}.Release|Any CPU.ActiveCfg = Release|Any CPU
		{01CBF00D-B69A-4F26-8020-871191491845}.Release|Any CPU.Build.0 = Release|Any CPU
		{0D7748A7-23DC-4FAB-88BF-24A257974DA0}.Debug|Any CPU.ActiveCfg = Debug|Any CPU
		{0D7748A7-23DC-4FAB-88BF-24A257974DA0}.Debug|Any CPU.Build.0 = Debug|Any CPU
		{0D7748A7-23DC-4FAB-88BF-24A257974DA0}.Release|Any CPU.ActiveCfg = Release|Any CPU
		{0D7748A7-23DC-4FAB-88BF-24A257974DA0}.Release|Any CPU.Build.0 = Release|Any CPU
		{D63F7F8C-35A3-41D7-824B-87ADD316C14B}.Debug|Any CPU.ActiveCfg = Debug|Any CPU
		{D63F7F8C-35A3-41D7-824B-87ADD316C14B}.Debug|Any CPU.Build.0 = Debug|Any CPU
		{D63F7F8C-35A3-41D7-824B-87ADD316C14B}.Release|Any CPU.ActiveCfg = Release|Any CPU
		{D63F7F8C-35A3-41D7-824B-87ADD316C14B}.Release|Any CPU.Build.0 = Release|Any CPU
		{15F929B0-1E8F-4E34-8527-75520C623590}.Debug|Any CPU.ActiveCfg = Debug|Any CPU
		{15F929B0-1E8F-4E34-8527-75520C623590}.Debug|Any CPU.Build.0 = Debug|Any CPU
		{15F929B0-1E8F-4E34-8527-75520C623590}.Release|Any CPU.ActiveCfg = Release|Any CPU
		{15F929B0-1E8F-4E34-8527-75520C623590}.Release|Any CPU.Build.0 = Release|Any CPU
		{FEF9A3A6-7919-4A43-BA33-73561C238D07}.Debug|Any CPU.ActiveCfg = Debug|Any CPU
		{FEF9A3A6-7919-4A43-BA33-73561C238D07}.Debug|Any CPU.Build.0 = Debug|Any CPU
		{FEF9A3A6-7919-4A43-BA33-73561C238D07}.Release|Any CPU.ActiveCfg = Release|Any CPU
		{FEF9A3A6-7919-4A43-BA33-73561C238D07}.Release|Any CPU.Build.0 = Release|Any CPU
		{07A7D7AC-B6FD-4258-9B10-212368BFFEC5}.Debug|Any CPU.ActiveCfg = Debug|Any CPU
		{07A7D7AC-B6FD-4258-9B10-212368BFFEC5}.Debug|Any CPU.Build.0 = Debug|Any CPU
		{07A7D7AC-B6FD-4258-9B10-212368BFFEC5}.Release|Any CPU.ActiveCfg = Release|Any CPU
		{07A7D7AC-B6FD-4258-9B10-212368BFFEC5}.Release|Any CPU.Build.0 = Release|Any CPU
		{C132C3C9-6F61-43A9-84F2-B605B2F6BEA9}.Debug|Any CPU.ActiveCfg = Debug|Any CPU
		{C132C3C9-6F61-43A9-84F2-B605B2F6BEA9}.Debug|Any CPU.Build.0 = Debug|Any CPU
		{C132C3C9-6F61-43A9-84F2-B605B2F6BEA9}.Release|Any CPU.ActiveCfg = Release|Any CPU
		{C132C3C9-6F61-43A9-84F2-B605B2F6BEA9}.Release|Any CPU.Build.0 = Release|Any CPU
		{4A0367FA-461C-4421-B5D3-883866C8B949}.Debug|Any CPU.ActiveCfg = Debug|Any CPU
		{4A0367FA-461C-4421-B5D3-883866C8B949}.Debug|Any CPU.Build.0 = Debug|Any CPU
		{4A0367FA-461C-4421-B5D3-883866C8B949}.Release|Any CPU.ActiveCfg = Release|Any CPU
		{4A0367FA-461C-4421-B5D3-883866C8B949}.Release|Any CPU.Build.0 = Release|Any CPU
		{B6DAA056-7658-4ACD-8C0F-A1B924F405AC}.Debug|Any CPU.ActiveCfg = Debug|Any CPU
		{B6DAA056-7658-4ACD-8C0F-A1B924F405AC}.Debug|Any CPU.Build.0 = Debug|Any CPU
		{B6DAA056-7658-4ACD-8C0F-A1B924F405AC}.Release|Any CPU.ActiveCfg = Release|Any CPU
		{B6DAA056-7658-4ACD-8C0F-A1B924F405AC}.Release|Any CPU.Build.0 = Release|Any CPU
		{8F063943-F452-44FE-BB48-E4EF636BCE32}.Debug|Any CPU.ActiveCfg = Debug|Any CPU
		{8F063943-F452-44FE-BB48-E4EF636BCE32}.Debug|Any CPU.Build.0 = Debug|Any CPU
		{8F063943-F452-44FE-BB48-E4EF636BCE32}.Release|Any CPU.ActiveCfg = Release|Any CPU
		{8F063943-F452-44FE-BB48-E4EF636BCE32}.Release|Any CPU.Build.0 = Release|Any CPU
		{7076B635-B0B3-4EE2-A2CA-1024E1FEE6B0}.Debug|Any CPU.ActiveCfg = Debug|Any CPU
		{7076B635-B0B3-4EE2-A2CA-1024E1FEE6B0}.Debug|Any CPU.Build.0 = Debug|Any CPU
		{7076B635-B0B3-4EE2-A2CA-1024E1FEE6B0}.Release|Any CPU.ActiveCfg = Release|Any CPU
		{7076B635-B0B3-4EE2-A2CA-1024E1FEE6B0}.Release|Any CPU.Build.0 = Release|Any CPU
		{F22B7EA6-B0AD-4DC9-A870-05C7BC7E9EB2}.Debug|Any CPU.ActiveCfg = Debug|Any CPU
		{F22B7EA6-B0AD-4DC9-A870-05C7BC7E9EB2}.Debug|Any CPU.Build.0 = Debug|Any CPU
		{F22B7EA6-B0AD-4DC9-A870-05C7BC7E9EB2}.Release|Any CPU.ActiveCfg = Release|Any CPU
		{F22B7EA6-B0AD-4DC9-A870-05C7BC7E9EB2}.Release|Any CPU.Build.0 = Release|Any CPU
		{8162FC19-80B9-4575-AD00-7BB6580FFDB0}.Debug|Any CPU.ActiveCfg = Debug|Any CPU
		{8162FC19-80B9-4575-AD00-7BB6580FFDB0}.Debug|Any CPU.Build.0 = Debug|Any CPU
		{8162FC19-80B9-4575-AD00-7BB6580FFDB0}.Release|Any CPU.ActiveCfg = Release|Any CPU
		{8162FC19-80B9-4575-AD00-7BB6580FFDB0}.Release|Any CPU.Build.0 = Release|Any CPU
		{6D134C1D-085F-4937-8E24-4EA539C10317}.Debug|Any CPU.ActiveCfg = Debug|Any CPU
		{6D134C1D-085F-4937-8E24-4EA539C10317}.Debug|Any CPU.Build.0 = Debug|Any CPU
		{6D134C1D-085F-4937-8E24-4EA539C10317}.Release|Any CPU.ActiveCfg = Release|Any CPU
		{6D134C1D-085F-4937-8E24-4EA539C10317}.Release|Any CPU.Build.0 = Release|Any CPU
		{A151EBD7-CA16-40B8-A334-DB7F30191FFB}.Debug|Any CPU.ActiveCfg = Debug|Any CPU
		{A151EBD7-CA16-40B8-A334-DB7F30191FFB}.Debug|Any CPU.Build.0 = Debug|Any CPU
		{A151EBD7-CA16-40B8-A334-DB7F30191FFB}.Release|Any CPU.ActiveCfg = Release|Any CPU
		{A151EBD7-CA16-40B8-A334-DB7F30191FFB}.Release|Any CPU.Build.0 = Release|Any CPU
		{8B5B2F56-F43F-4D0D-AC4A-DF87DDFCC660}.Debug|Any CPU.ActiveCfg = Debug|Any CPU
		{8B5B2F56-F43F-4D0D-AC4A-DF87DDFCC660}.Debug|Any CPU.Build.0 = Debug|Any CPU
		{8B5B2F56-F43F-4D0D-AC4A-DF87DDFCC660}.Release|Any CPU.ActiveCfg = Release|Any CPU
		{8B5B2F56-F43F-4D0D-AC4A-DF87DDFCC660}.Release|Any CPU.Build.0 = Release|Any CPU
		{0A8F5302-EAA9-4269-8B38-9E416E2ED1A9}.Debug|Any CPU.ActiveCfg = Debug|Any CPU
		{0A8F5302-EAA9-4269-8B38-9E416E2ED1A9}.Debug|Any CPU.Build.0 = Debug|Any CPU
		{0A8F5302-EAA9-4269-8B38-9E416E2ED1A9}.Release|Any CPU.ActiveCfg = Release|Any CPU
		{0A8F5302-EAA9-4269-8B38-9E416E2ED1A9}.Release|Any CPU.Build.0 = Release|Any CPU
		{FB5EEDB9-3968-4FD0-BF80-5145E956C2AE}.Debug|Any CPU.ActiveCfg = Debug|Any CPU
		{FB5EEDB9-3968-4FD0-BF80-5145E956C2AE}.Debug|Any CPU.Build.0 = Debug|Any CPU
		{FB5EEDB9-3968-4FD0-BF80-5145E956C2AE}.Release|Any CPU.ActiveCfg = Release|Any CPU
		{FB5EEDB9-3968-4FD0-BF80-5145E956C2AE}.Release|Any CPU.Build.0 = Release|Any CPU
		{C5EB6368-FB37-421E-9E5B-9ACB1DFC26AB}.Debug|Any CPU.ActiveCfg = Debug|Any CPU
		{C5EB6368-FB37-421E-9E5B-9ACB1DFC26AB}.Debug|Any CPU.Build.0 = Debug|Any CPU
		{C5EB6368-FB37-421E-9E5B-9ACB1DFC26AB}.Release|Any CPU.ActiveCfg = Release|Any CPU
		{C5EB6368-FB37-421E-9E5B-9ACB1DFC26AB}.Release|Any CPU.Build.0 = Release|Any CPU
		{DFB2C532-8BBE-4D92-A78A-1FD837672B45}.Debug|Any CPU.ActiveCfg = Debug|Any CPU
		{DFB2C532-8BBE-4D92-A78A-1FD837672B45}.Debug|Any CPU.Build.0 = Debug|Any CPU
		{DFB2C532-8BBE-4D92-A78A-1FD837672B45}.Release|Any CPU.ActiveCfg = Release|Any CPU
		{DFB2C532-8BBE-4D92-A78A-1FD837672B45}.Release|Any CPU.Build.0 = Release|Any CPU
		{DD40A86E-748F-48FD-9EC1-31A141CF14A7}.Debug|Any CPU.ActiveCfg = Debug|Any CPU
		{DD40A86E-748F-48FD-9EC1-31A141CF14A7}.Debug|Any CPU.Build.0 = Debug|Any CPU
		{DD40A86E-748F-48FD-9EC1-31A141CF14A7}.Release|Any CPU.ActiveCfg = Release|Any CPU
		{DD40A86E-748F-48FD-9EC1-31A141CF14A7}.Release|Any CPU.Build.0 = Release|Any CPU
		{D01EFB41-FDB3-4775-AD03-DBAA31F37BE5}.Debug|Any CPU.ActiveCfg = Debug|Any CPU
		{D01EFB41-FDB3-4775-AD03-DBAA31F37BE5}.Debug|Any CPU.Build.0 = Debug|Any CPU
		{D01EFB41-FDB3-4775-AD03-DBAA31F37BE5}.Release|Any CPU.ActiveCfg = Release|Any CPU
		{D01EFB41-FDB3-4775-AD03-DBAA31F37BE5}.Release|Any CPU.Build.0 = Release|Any CPU
		{88AF1CD6-76E6-466D-9D8B-12891CDA7EA4}.Debug|Any CPU.ActiveCfg = Debug|Any CPU
		{88AF1CD6-76E6-466D-9D8B-12891CDA7EA4}.Debug|Any CPU.Build.0 = Debug|Any CPU
		{88AF1CD6-76E6-466D-9D8B-12891CDA7EA4}.Release|Any CPU.ActiveCfg = Release|Any CPU
		{88AF1CD6-76E6-466D-9D8B-12891CDA7EA4}.Release|Any CPU.Build.0 = Release|Any CPU
		{5C265903-BE8B-4C5B-BAAB-101891974B66}.Debug|Any CPU.ActiveCfg = Debug|Any CPU
		{5C265903-BE8B-4C5B-BAAB-101891974B66}.Debug|Any CPU.Build.0 = Debug|Any CPU
		{5C265903-BE8B-4C5B-BAAB-101891974B66}.Release|Any CPU.ActiveCfg = Release|Any CPU
		{5C265903-BE8B-4C5B-BAAB-101891974B66}.Release|Any CPU.Build.0 = Release|Any CPU
		{4D0AB5D1-961D-4650-8D78-255A58D49F64}.Debug|Any CPU.ActiveCfg = Debug|Any CPU
		{4D0AB5D1-961D-4650-8D78-255A58D49F64}.Debug|Any CPU.Build.0 = Debug|Any CPU
		{4D0AB5D1-961D-4650-8D78-255A58D49F64}.Release|Any CPU.ActiveCfg = Release|Any CPU
		{4D0AB5D1-961D-4650-8D78-255A58D49F64}.Release|Any CPU.Build.0 = Release|Any CPU
		{E96213AE-7A70-410F-BECC-B22524488BCB}.Debug|Any CPU.ActiveCfg = Debug|Any CPU
		{E96213AE-7A70-410F-BECC-B22524488BCB}.Debug|Any CPU.Build.0 = Debug|Any CPU
		{E96213AE-7A70-410F-BECC-B22524488BCB}.Release|Any CPU.ActiveCfg = Release|Any CPU
		{E96213AE-7A70-410F-BECC-B22524488BCB}.Release|Any CPU.Build.0 = Release|Any CPU
		{D1F731E3-E119-4B2E-9360-BAB8F9DCC2DE}.Debug|Any CPU.ActiveCfg = Debug|Any CPU
		{D1F731E3-E119-4B2E-9360-BAB8F9DCC2DE}.Debug|Any CPU.Build.0 = Debug|Any CPU
		{D1F731E3-E119-4B2E-9360-BAB8F9DCC2DE}.Release|Any CPU.ActiveCfg = Release|Any CPU
		{D1F731E3-E119-4B2E-9360-BAB8F9DCC2DE}.Release|Any CPU.Build.0 = Release|Any CPU
		{454F6606-B700-47B8-9979-8344500F8AD1}.Debug|Any CPU.ActiveCfg = Debug|Any CPU
		{454F6606-B700-47B8-9979-8344500F8AD1}.Debug|Any CPU.Build.0 = Debug|Any CPU
		{454F6606-B700-47B8-9979-8344500F8AD1}.Release|Any CPU.ActiveCfg = Release|Any CPU
		{454F6606-B700-47B8-9979-8344500F8AD1}.Release|Any CPU.Build.0 = Release|Any CPU
		{16844F96-DED3-4CDA-B263-CB19FF97E634}.Debug|Any CPU.ActiveCfg = Debug|Any CPU
		{16844F96-DED3-4CDA-B263-CB19FF97E634}.Debug|Any CPU.Build.0 = Debug|Any CPU
		{16844F96-DED3-4CDA-B263-CB19FF97E634}.Release|Any CPU.ActiveCfg = Release|Any CPU
		{16844F96-DED3-4CDA-B263-CB19FF97E634}.Release|Any CPU.Build.0 = Release|Any CPU
		{ABF9C603-863D-4D71-BC8B-52D2A62D71EC}.Debug|Any CPU.ActiveCfg = Debug|Any CPU
		{ABF9C603-863D-4D71-BC8B-52D2A62D71EC}.Debug|Any CPU.Build.0 = Debug|Any CPU
		{ABF9C603-863D-4D71-BC8B-52D2A62D71EC}.Release|Any CPU.ActiveCfg = Release|Any CPU
		{ABF9C603-863D-4D71-BC8B-52D2A62D71EC}.Release|Any CPU.Build.0 = Release|Any CPU
		{E945E2F8-C2A3-4BAB-AF98-1C812A7984F9}.Debug|Any CPU.ActiveCfg = Debug|Any CPU
		{E945E2F8-C2A3-4BAB-AF98-1C812A7984F9}.Debug|Any CPU.Build.0 = Debug|Any CPU
		{E945E2F8-C2A3-4BAB-AF98-1C812A7984F9}.Release|Any CPU.ActiveCfg = Release|Any CPU
		{E945E2F8-C2A3-4BAB-AF98-1C812A7984F9}.Release|Any CPU.Build.0 = Release|Any CPU
		{EB6F1542-6E47-4B3D-A7C5-DF5041AADFAC}.Debug|Any CPU.ActiveCfg = Debug|Any CPU
		{EB6F1542-6E47-4B3D-A7C5-DF5041AADFAC}.Debug|Any CPU.Build.0 = Debug|Any CPU
		{EB6F1542-6E47-4B3D-A7C5-DF5041AADFAC}.Release|Any CPU.ActiveCfg = Release|Any CPU
		{EB6F1542-6E47-4B3D-A7C5-DF5041AADFAC}.Release|Any CPU.Build.0 = Release|Any CPU
		{A854C94F-E2F0-4BD4-BB36-177043D0138C}.Debug|Any CPU.ActiveCfg = Debug|Any CPU
		{A854C94F-E2F0-4BD4-BB36-177043D0138C}.Debug|Any CPU.Build.0 = Debug|Any CPU
		{A854C94F-E2F0-4BD4-BB36-177043D0138C}.Release|Any CPU.ActiveCfg = Release|Any CPU
		{A854C94F-E2F0-4BD4-BB36-177043D0138C}.Release|Any CPU.Build.0 = Release|Any CPU
		{78F79E68-5C99-4036-99C1-5798B1B46AFC}.Debug|Any CPU.ActiveCfg = Debug|Any CPU
		{78F79E68-5C99-4036-99C1-5798B1B46AFC}.Debug|Any CPU.Build.0 = Debug|Any CPU
		{78F79E68-5C99-4036-99C1-5798B1B46AFC}.Release|Any CPU.ActiveCfg = Release|Any CPU
		{78F79E68-5C99-4036-99C1-5798B1B46AFC}.Release|Any CPU.Build.0 = Release|Any CPU
		{8CA70F2F-EEEC-4B49-ACB7-61D67CC7ACE2}.Debug|Any CPU.ActiveCfg = Debug|Any CPU
		{8CA70F2F-EEEC-4B49-ACB7-61D67CC7ACE2}.Debug|Any CPU.Build.0 = Debug|Any CPU
		{8CA70F2F-EEEC-4B49-ACB7-61D67CC7ACE2}.Release|Any CPU.ActiveCfg = Release|Any CPU
		{8CA70F2F-EEEC-4B49-ACB7-61D67CC7ACE2}.Release|Any CPU.Build.0 = Release|Any CPU
		{32D7A5FE-CE7B-47E9-8798-42B60932CDA6}.Debug|Any CPU.ActiveCfg = Debug|Any CPU
		{32D7A5FE-CE7B-47E9-8798-42B60932CDA6}.Debug|Any CPU.Build.0 = Debug|Any CPU
		{32D7A5FE-CE7B-47E9-8798-42B60932CDA6}.Release|Any CPU.ActiveCfg = Release|Any CPU
		{32D7A5FE-CE7B-47E9-8798-42B60932CDA6}.Release|Any CPU.Build.0 = Release|Any CPU
		{0F8CB758-CD19-4D35-B5BF-249CAE528CE5}.Debug|Any CPU.ActiveCfg = Debug|Any CPU
		{0F8CB758-CD19-4D35-B5BF-249CAE528CE5}.Debug|Any CPU.Build.0 = Debug|Any CPU
		{0F8CB758-CD19-4D35-B5BF-249CAE528CE5}.Release|Any CPU.ActiveCfg = Release|Any CPU
		{0F8CB758-CD19-4D35-B5BF-249CAE528CE5}.Release|Any CPU.Build.0 = Release|Any CPU
		{961C91B2-6FB8-4044-9A74-DB1E688324F3}.Debug|Any CPU.ActiveCfg = Debug|Any CPU
		{961C91B2-6FB8-4044-9A74-DB1E688324F3}.Debug|Any CPU.Build.0 = Debug|Any CPU
		{961C91B2-6FB8-4044-9A74-DB1E688324F3}.Release|Any CPU.ActiveCfg = Release|Any CPU
		{961C91B2-6FB8-4044-9A74-DB1E688324F3}.Release|Any CPU.Build.0 = Release|Any CPU
		{203C1FF4-4537-49AB-9791-D9095FD94E97}.Debug|Any CPU.ActiveCfg = Debug|Any CPU
		{203C1FF4-4537-49AB-9791-D9095FD94E97}.Debug|Any CPU.Build.0 = Debug|Any CPU
		{203C1FF4-4537-49AB-9791-D9095FD94E97}.Release|Any CPU.ActiveCfg = Release|Any CPU
		{203C1FF4-4537-49AB-9791-D9095FD94E97}.Release|Any CPU.Build.0 = Release|Any CPU
		{DEB46ECF-419E-4C81-A2BB-DB59E6A5B552}.Debug|Any CPU.ActiveCfg = Debug|Any CPU
		{DEB46ECF-419E-4C81-A2BB-DB59E6A5B552}.Debug|Any CPU.Build.0 = Debug|Any CPU
		{DEB46ECF-419E-4C81-A2BB-DB59E6A5B552}.Release|Any CPU.ActiveCfg = Release|Any CPU
		{DEB46ECF-419E-4C81-A2BB-DB59E6A5B552}.Release|Any CPU.Build.0 = Release|Any CPU
		{F77850C3-B844-4EB8-A741-5457EE039514}.Debug|Any CPU.ActiveCfg = Debug|Any CPU
		{F77850C3-B844-4EB8-A741-5457EE039514}.Debug|Any CPU.Build.0 = Debug|Any CPU
		{F77850C3-B844-4EB8-A741-5457EE039514}.Release|Any CPU.ActiveCfg = Release|Any CPU
		{F77850C3-B844-4EB8-A741-5457EE039514}.Release|Any CPU.Build.0 = Release|Any CPU
		{D61B0C23-2F10-4654-952B-1928370B84C1}.Debug|Any CPU.ActiveCfg = Debug|Any CPU
		{D61B0C23-2F10-4654-952B-1928370B84C1}.Debug|Any CPU.Build.0 = Debug|Any CPU
		{D61B0C23-2F10-4654-952B-1928370B84C1}.Release|Any CPU.ActiveCfg = Release|Any CPU
		{D61B0C23-2F10-4654-952B-1928370B84C1}.Release|Any CPU.Build.0 = Release|Any CPU
		{7736CF20-0EFE-4D12-9922-1813B28AB352}.Debug|Any CPU.ActiveCfg = Debug|Any CPU
		{7736CF20-0EFE-4D12-9922-1813B28AB352}.Debug|Any CPU.Build.0 = Debug|Any CPU
		{7736CF20-0EFE-4D12-9922-1813B28AB352}.Release|Any CPU.ActiveCfg = Release|Any CPU
		{7736CF20-0EFE-4D12-9922-1813B28AB352}.Release|Any CPU.Build.0 = Release|Any CPU
		{C1861B23-6EE6-4C0D-AE5A-13069F97AFAB}.Debug|Any CPU.ActiveCfg = Debug|Any CPU
		{C1861B23-6EE6-4C0D-AE5A-13069F97AFAB}.Debug|Any CPU.Build.0 = Debug|Any CPU
		{C1861B23-6EE6-4C0D-AE5A-13069F97AFAB}.Release|Any CPU.ActiveCfg = Release|Any CPU
		{C1861B23-6EE6-4C0D-AE5A-13069F97AFAB}.Release|Any CPU.Build.0 = Release|Any CPU
		{8CEF3F2C-D353-4A3C-A9A1-A369448709E7}.Debug|Any CPU.ActiveCfg = Debug|Any CPU
		{8CEF3F2C-D353-4A3C-A9A1-A369448709E7}.Debug|Any CPU.Build.0 = Debug|Any CPU
		{8CEF3F2C-D353-4A3C-A9A1-A369448709E7}.Release|Any CPU.ActiveCfg = Release|Any CPU
		{8CEF3F2C-D353-4A3C-A9A1-A369448709E7}.Release|Any CPU.Build.0 = Release|Any CPU
		{ED42C913-B0E0-436C-9757-427E1C1F5435}.Debug|Any CPU.ActiveCfg = Debug|Any CPU
		{ED42C913-B0E0-436C-9757-427E1C1F5435}.Debug|Any CPU.Build.0 = Debug|Any CPU
		{ED42C913-B0E0-436C-9757-427E1C1F5435}.Release|Any CPU.ActiveCfg = Release|Any CPU
		{ED42C913-B0E0-436C-9757-427E1C1F5435}.Release|Any CPU.Build.0 = Release|Any CPU
		{223164F7-B789-4FAB-BFE6-380DFBF2936E}.Debug|Any CPU.ActiveCfg = Debug|Any CPU
		{223164F7-B789-4FAB-BFE6-380DFBF2936E}.Debug|Any CPU.Build.0 = Debug|Any CPU
		{223164F7-B789-4FAB-BFE6-380DFBF2936E}.Release|Any CPU.ActiveCfg = Release|Any CPU
		{223164F7-B789-4FAB-BFE6-380DFBF2936E}.Release|Any CPU.Build.0 = Release|Any CPU
		{E2F4C232-80DE-49BC-959F-D9162904E92B}.Debug|Any CPU.ActiveCfg = Debug|Any CPU
		{E2F4C232-80DE-49BC-959F-D9162904E92B}.Debug|Any CPU.Build.0 = Debug|Any CPU
		{E2F4C232-80DE-49BC-959F-D9162904E92B}.Release|Any CPU.ActiveCfg = Release|Any CPU
		{E2F4C232-80DE-49BC-959F-D9162904E92B}.Release|Any CPU.Build.0 = Release|Any CPU
		{26122610-C123-42FF-BFFB-3092360E9B70}.Debug|Any CPU.ActiveCfg = Debug|Any CPU
		{26122610-C123-42FF-BFFB-3092360E9B70}.Debug|Any CPU.Build.0 = Debug|Any CPU
		{26122610-C123-42FF-BFFB-3092360E9B70}.Release|Any CPU.ActiveCfg = Release|Any CPU
		{26122610-C123-42FF-BFFB-3092360E9B70}.Release|Any CPU.Build.0 = Release|Any CPU
		{1AE7332E-D36E-4552-AD4D-D0C5E1C06FBB}.Debug|Any CPU.ActiveCfg = Debug|Any CPU
		{1AE7332E-D36E-4552-AD4D-D0C5E1C06FBB}.Debug|Any CPU.Build.0 = Debug|Any CPU
		{1AE7332E-D36E-4552-AD4D-D0C5E1C06FBB}.Release|Any CPU.ActiveCfg = Release|Any CPU
		{1AE7332E-D36E-4552-AD4D-D0C5E1C06FBB}.Release|Any CPU.Build.0 = Release|Any CPU
		{13C3D1C5-362D-4608-9044-B8FBD07E1BA4}.Debug|Any CPU.ActiveCfg = Debug|Any CPU
		{13C3D1C5-362D-4608-9044-B8FBD07E1BA4}.Debug|Any CPU.Build.0 = Debug|Any CPU
		{13C3D1C5-362D-4608-9044-B8FBD07E1BA4}.Release|Any CPU.ActiveCfg = Release|Any CPU
		{13C3D1C5-362D-4608-9044-B8FBD07E1BA4}.Release|Any CPU.Build.0 = Release|Any CPU
		{AB442BBC-4BBE-4CF3-B171-6B41A251D951}.Debug|Any CPU.ActiveCfg = Debug|Any CPU
		{AB442BBC-4BBE-4CF3-B171-6B41A251D951}.Debug|Any CPU.Build.0 = Debug|Any CPU
		{AB442BBC-4BBE-4CF3-B171-6B41A251D951}.Release|Any CPU.ActiveCfg = Release|Any CPU
		{AB442BBC-4BBE-4CF3-B171-6B41A251D951}.Release|Any CPU.Build.0 = Release|Any CPU
	EndGlobalSection
	GlobalSection(SolutionProperties) = preSolution
		HideSolutionNode = FALSE
	EndGlobalSection
	GlobalSection(NestedProjects) = preSolution
		{8151F76B-D7FD-4DE6-B643-AA08827E7853} = {E2A271B0-56F9-4D8E-9A48-DD0C4A798EAE}
		{E2A271B0-56F9-4D8E-9A48-DD0C4A798EAE} = {61AE3F8D-A4F8-43D1-994C-74CD056E087C}
		{EB3347AE-5DFA-4D4A-BF8A-4D32E75AAF42} = {E2A271B0-56F9-4D8E-9A48-DD0C4A798EAE}
		{801A1AD9-9BCC-4AD7-A51F-D411AE15072E} = {E2A271B0-56F9-4D8E-9A48-DD0C4A798EAE}
		{F179EA7C-E442-4EC5-B0C2-EB646C7FB6AB} = {E2A271B0-56F9-4D8E-9A48-DD0C4A798EAE}
		{C47D09BD-FF92-46A1-9A0E-B1CD21A4A705} = {E2A271B0-56F9-4D8E-9A48-DD0C4A798EAE}
		{FA0429F7-1672-417C-AF70-D263151348DD} = {E2A271B0-56F9-4D8E-9A48-DD0C4A798EAE}
		{6FAFCFFF-4648-403A-9ACD-39E47239B295} = {61AE3F8D-A4F8-43D1-994C-74CD056E087C}
		{C4BBD7A7-2ED5-4820-A781-F3D7FC66C146} = {61AE3F8D-A4F8-43D1-994C-74CD056E087C}
		{F06CFE18-43C4-4DD6-9A2A-66181F9E95E4} = {C4BBD7A7-2ED5-4820-A781-F3D7FC66C146}
		{01CBF00D-B69A-4F26-8020-871191491845} = {C4BBD7A7-2ED5-4820-A781-F3D7FC66C146}
		{0D7748A7-23DC-4FAB-88BF-24A257974DA0} = {C4BBD7A7-2ED5-4820-A781-F3D7FC66C146}
		{D63F7F8C-35A3-41D7-824B-87ADD316C14B} = {C4BBD7A7-2ED5-4820-A781-F3D7FC66C146}
		{15F929B0-1E8F-4E34-8527-75520C623590} = {5F799D15-79AE-4E89-8890-ABDC0845DD5D}
		{FEF9A3A6-7919-4A43-BA33-73561C238D07} = {C4BBD7A7-2ED5-4820-A781-F3D7FC66C146}
		{07A7D7AC-B6FD-4258-9B10-212368BFFEC5} = {4E1B1576-1B1E-458A-B361-6A184BC24E09}
		{C132C3C9-6F61-43A9-84F2-B605B2F6BEA9} = {5F799D15-79AE-4E89-8890-ABDC0845DD5D}
		{4A0367FA-461C-4421-B5D3-883866C8B949} = {C4BBD7A7-2ED5-4820-A781-F3D7FC66C146}
		{B6DAA056-7658-4ACD-8C0F-A1B924F405AC} = {C4BBD7A7-2ED5-4820-A781-F3D7FC66C146}
		{8F063943-F452-44FE-BB48-E4EF636BCE32} = {5F799D15-79AE-4E89-8890-ABDC0845DD5D}
		{7076B635-B0B3-4EE2-A2CA-1024E1FEE6B0} = {5F799D15-79AE-4E89-8890-ABDC0845DD5D}
		{F22B7EA6-B0AD-4DC9-A870-05C7BC7E9EB2} = {8151F76B-D7FD-4DE6-B643-AA08827E7853}
		{8162FC19-80B9-4575-AD00-7BB6580FFDB0} = {8151F76B-D7FD-4DE6-B643-AA08827E7853}
		{6D134C1D-085F-4937-8E24-4EA539C10317} = {8151F76B-D7FD-4DE6-B643-AA08827E7853}
		{A151EBD7-CA16-40B8-A334-DB7F30191FFB} = {8151F76B-D7FD-4DE6-B643-AA08827E7853}
		{F3A7C4BD-677F-4A4C-938F-D03DD2AA9BF2} = {811B6ECB-13EA-454C-B98D-5355B5369293}
		{DE47D90B-473B-4A85-9203-4873CBCE76F9} = {F3A7C4BD-677F-4A4C-938F-D03DD2AA9BF2}
		{7F69494A-81D9-42F3-B41B-0ADB1AC41CC8} = {F3A7C4BD-677F-4A4C-938F-D03DD2AA9BF2}
		{9EDD9124-ECFC-4BEE-87B4-F6AB4BD1048F} = {F3A7C4BD-677F-4A4C-938F-D03DD2AA9BF2}
		{8B5B2F56-F43F-4D0D-AC4A-DF87DDFCC660} = {DE47D90B-473B-4A85-9203-4873CBCE76F9}
		{0A8F5302-EAA9-4269-8B38-9E416E2ED1A9} = {DE47D90B-473B-4A85-9203-4873CBCE76F9}
		{FB5EEDB9-3968-4FD0-BF80-5145E956C2AE} = {DE47D90B-473B-4A85-9203-4873CBCE76F9}
		{C5EB6368-FB37-421E-9E5B-9ACB1DFC26AB} = {7F69494A-81D9-42F3-B41B-0ADB1AC41CC8}
		{DFB2C532-8BBE-4D92-A78A-1FD837672B45} = {7F69494A-81D9-42F3-B41B-0ADB1AC41CC8}
		{DD40A86E-748F-48FD-9EC1-31A141CF14A7} = {7F69494A-81D9-42F3-B41B-0ADB1AC41CC8}
		{D01EFB41-FDB3-4775-AD03-DBAA31F37BE5} = {9EDD9124-ECFC-4BEE-87B4-F6AB4BD1048F}
		{88AF1CD6-76E6-466D-9D8B-12891CDA7EA4} = {9EDD9124-ECFC-4BEE-87B4-F6AB4BD1048F}
		{FB97DAF2-2A76-447A-A162-A2303935870A} = {F3A7C4BD-677F-4A4C-938F-D03DD2AA9BF2}
		{5C265903-BE8B-4C5B-BAAB-101891974B66} = {FB97DAF2-2A76-447A-A162-A2303935870A}
		{4D0AB5D1-961D-4650-8D78-255A58D49F64} = {FB97DAF2-2A76-447A-A162-A2303935870A}
		{E96213AE-7A70-410F-BECC-B22524488BCB} = {FB97DAF2-2A76-447A-A162-A2303935870A}
		{D1F731E3-E119-4B2E-9360-BAB8F9DCC2DE} = {EB3347AE-5DFA-4D4A-BF8A-4D32E75AAF42}
		{EA600730-C983-4304-A3FD-F66C2A7B61FE} = {4E1B1576-1B1E-458A-B361-6A184BC24E09}
		{454F6606-B700-47B8-9979-8344500F8AD1} = {C4BBD7A7-2ED5-4820-A781-F3D7FC66C146}
		{E454D2C9-4C4B-4286-81C5-F01E194EFCC4} = {811B6ECB-13EA-454C-B98D-5355B5369293}
		{485658B4-AF03-4D39-BB1A-CAB2ADE03080} = {E454D2C9-4C4B-4286-81C5-F01E194EFCC4}
		{16844F96-DED3-4CDA-B263-CB19FF97E634} = {485658B4-AF03-4D39-BB1A-CAB2ADE03080}
		{ABF9C603-863D-4D71-BC8B-52D2A62D71EC} = {485658B4-AF03-4D39-BB1A-CAB2ADE03080}
		{F67332A0-5731-403E-9FE2-4F8656DEDE6B} = {E454D2C9-4C4B-4286-81C5-F01E194EFCC4}
		{E945E2F8-C2A3-4BAB-AF98-1C812A7984F9} = {F67332A0-5731-403E-9FE2-4F8656DEDE6B}
		{E458C5BC-3869-4070-B272-A29ECCB598E6} = {E454D2C9-4C4B-4286-81C5-F01E194EFCC4}
		{EB6F1542-6E47-4B3D-A7C5-DF5041AADFAC} = {E458C5BC-3869-4070-B272-A29ECCB598E6}
		{A854C94F-E2F0-4BD4-BB36-177043D0138C} = {E458C5BC-3869-4070-B272-A29ECCB598E6}
		{5D3B32F9-CAD0-4A79-BC57-8B7AFD2D2FA7} = {E454D2C9-4C4B-4286-81C5-F01E194EFCC4}
		{78F79E68-5C99-4036-99C1-5798B1B46AFC} = {5D3B32F9-CAD0-4A79-BC57-8B7AFD2D2FA7}
		{8CA70F2F-EEEC-4B49-ACB7-61D67CC7ACE2} = {5D3B32F9-CAD0-4A79-BC57-8B7AFD2D2FA7}
		{32D7A5FE-CE7B-47E9-8798-42B60932CDA6} = {5D3B32F9-CAD0-4A79-BC57-8B7AFD2D2FA7}
		{D67F9AA4-4C76-4A37-B482-A56F78AC93A9} = {E454D2C9-4C4B-4286-81C5-F01E194EFCC4}
		{0F8CB758-CD19-4D35-B5BF-249CAE528CE5} = {D67F9AA4-4C76-4A37-B482-A56F78AC93A9}
		{94664C61-8882-49C4-AA23-406359AAB0B0} = {E454D2C9-4C4B-4286-81C5-F01E194EFCC4}
		{961C91B2-6FB8-4044-9A74-DB1E688324F3} = {94664C61-8882-49C4-AA23-406359AAB0B0}
		{203C1FF4-4537-49AB-9791-D9095FD94E97} = {94664C61-8882-49C4-AA23-406359AAB0B0}
		{08A415FB-AB0A-4BF8-BDE7-F00208A1F667} = {E454D2C9-4C4B-4286-81C5-F01E194EFCC4}
		{DEB46ECF-419E-4C81-A2BB-DB59E6A5B552} = {08A415FB-AB0A-4BF8-BDE7-F00208A1F667}
		{F77850C3-B844-4EB8-A741-5457EE039514} = {08A415FB-AB0A-4BF8-BDE7-F00208A1F667}
		{D61B0C23-2F10-4654-952B-1928370B84C1} = {08A415FB-AB0A-4BF8-BDE7-F00208A1F667}
		{D12893D7-5D81-4894-811A-42CC6AD27A67} = {E454D2C9-4C4B-4286-81C5-F01E194EFCC4}
		{7736CF20-0EFE-4D12-9922-1813B28AB352} = {D12893D7-5D81-4894-811A-42CC6AD27A67}
		{C1861B23-6EE6-4C0D-AE5A-13069F97AFAB} = {D12893D7-5D81-4894-811A-42CC6AD27A67}
		{8CEF3F2C-D353-4A3C-A9A1-A369448709E7} = {D12893D7-5D81-4894-811A-42CC6AD27A67}
		{7F230FF7-5AE6-4AA5-9E88-FF02E7763ECB} = {E454D2C9-4C4B-4286-81C5-F01E194EFCC4}
		{ED42C913-B0E0-436C-9757-427E1C1F5435} = {7F230FF7-5AE6-4AA5-9E88-FF02E7763ECB}
		{223164F7-B789-4FAB-BFE6-380DFBF2936E} = {7F230FF7-5AE6-4AA5-9E88-FF02E7763ECB}
		{E2F4C232-80DE-49BC-959F-D9162904E92B} = {7F230FF7-5AE6-4AA5-9E88-FF02E7763ECB}
		{6383B947-F177-4151-98C0-D5A81C4962B1} = {811B6ECB-13EA-454C-B98D-5355B5369293}
		{26122610-C123-42FF-BFFB-3092360E9B70} = {801A1AD9-9BCC-4AD7-A51F-D411AE15072E}
		{1AE7332E-D36E-4552-AD4D-D0C5E1C06FBB} = {811B6ECB-13EA-454C-B98D-5355B5369293}
		{27E2A58C-587B-4001-AFC1-3E7783139093} = {811B6ECB-13EA-454C-B98D-5355B5369293}
		{13C3D1C5-362D-4608-9044-B8FBD07E1BA4} = {811B6ECB-13EA-454C-B98D-5355B5369293}
		{AB442BBC-4BBE-4CF3-B171-6B41A251D951} = {811B6ECB-13EA-454C-B98D-5355B5369293}
	EndGlobalSection
	GlobalSection(ExtensibilityGlobals) = postSolution
		SolutionGuid = {09199F24-D4C3-4EC2-8DA4-B77FD6BF7474}
	EndGlobalSection
EndGlobal
